// !$*UTF8*$!
{
	archiveVersion = 1;
	classes = {
	};
	objectVersion = 48;
	objects = {

/* Begin PBXBuildFile section */
		00EFA88659BD7039B35B1881 /* BookmarkListPresenter.swift in Sources */ = {isa = PBXBuildFile; fileRef = 19C506A6C05C987FEC203230 /* BookmarkListPresenter.swift */; };
		05FF01EF006080A08BCDDD6D /* SearchHistoryContract.swift in Sources */ = {isa = PBXBuildFile; fileRef = 7ACCEC66E2E3FBC95781C59D /* SearchHistoryContract.swift */; };
		19D98DB6E15ACD3D682EEA75 /* ListPresenterTests.swift in Sources */ = {isa = PBXBuildFile; fileRef = CCF0D918BD63A899A22B3734 /* ListPresenterTests.swift */; };
		21007CF121F956F800BBDDD7 /* BookmarkListViewController.xib in Resources */ = {isa = PBXBuildFile; fileRef = 21007CF021F956F800BBDDD7 /* BookmarkListViewController.xib */; };
		21007CF421F9587300BBDDD7 /* BookmarkInteractor.swift in Sources */ = {isa = PBXBuildFile; fileRef = 21007CF321F9587300BBDDD7 /* BookmarkInteractor.swift */; };
		21007CFB21F95B0900BBDDD7 /* Bookmark.swift in Sources */ = {isa = PBXBuildFile; fileRef = 21007CFA21F95B0900BBDDD7 /* Bookmark.swift */; };
		2107FF437DF8B9D111C1CBBD /* Pods_PracticeUITests.framework in Frameworks */ = {isa = PBXBuildFile; fileRef = D870320F86057DEFAB8801D6 /* Pods_PracticeUITests.framework */; };
		2114EBC821CB358A0015F5B1 /* DetailViewController.swift in Sources */ = {isa = PBXBuildFile; fileRef = 2114EBC621CB358A0015F5B1 /* DetailViewController.swift */; };
		2114EBC921CB358A0015F5B1 /* DetailViewController.xib in Resources */ = {isa = PBXBuildFile; fileRef = 2114EBC721CB358A0015F5B1 /* DetailViewController.xib */; };
		2114EBCD21CB3D610015F5B1 /* UIColor+extension.swift in Sources */ = {isa = PBXBuildFile; fileRef = 2114EBCC21CB3D610015F5B1 /* UIColor+extension.swift */; };
		2197F93AB6F6805E6DB30512 /* ListRouter.swift in Sources */ = {isa = PBXBuildFile; fileRef = ACA1BA5B876878C2310C0592 /* ListRouter.swift */; };
		21B54E8C21F01E130090355D /* HistoryCell.swift in Sources */ = {isa = PBXBuildFile; fileRef = 21B54E8A21F01E130090355D /* HistoryCell.swift */; };
		21B54E8D21F01E130090355D /* HistoryCell.xib in Resources */ = {isa = PBXBuildFile; fileRef = 21B54E8B21F01E130090355D /* HistoryCell.xib */; };
		26F5CDB6311F2C7F12BC61ED /* ListContract.swift in Sources */ = {isa = PBXBuildFile; fileRef = 866F313268D18B066EDC3B42 /* ListContract.swift */; };
		424B88287142F4587BA432E2 /* RootRouter.swift in Sources */ = {isa = PBXBuildFile; fileRef = 754085B7AD5B37D68C6B0CA7 /* RootRouter.swift */; };
		45BF7FB66486ADF31FB99652 /* SearchHistoryPresenter.swift in Sources */ = {isa = PBXBuildFile; fileRef = 3E5652F52513563F455E3B62 /* SearchHistoryPresenter.swift */; };
		46014F187F1A2FB27ACE0389 /* DetailRouter.swift in Sources */ = {isa = PBXBuildFile; fileRef = EE9C609883E2BA7B9838A6D9 /* DetailRouter.swift */; };
		4AB02790AE98A8E7C6298AB1 /* SearchHistoryPresenterTests.swift in Sources */ = {isa = PBXBuildFile; fileRef = 970D6CDEA7EB45FAA0E8BDBE /* SearchHistoryPresenterTests.swift */; };
		837903DE06C27D8E79495894 /* BookmarkListPresenterTests.swift in Sources */ = {isa = PBXBuildFile; fileRef = 805DC006022C1729DC06E44C /* BookmarkListPresenterTests.swift */; };
		892832AD45F311CB34C41080 /* BookmarkListContract.swift in Sources */ = {isa = PBXBuildFile; fileRef = 8A9F193224B628F7450B96DF /* BookmarkListContract.swift */; };
		8ADC1EA98B4E16AD4F1792FD /* BookmarkListRouter.swift in Sources */ = {isa = PBXBuildFile; fileRef = E1BAC8CC5FDE2CA2BB6AAB2C /* BookmarkListRouter.swift */; };
		8CA19856B2A7231E45BB6E79 /* ListPresenter.swift in Sources */ = {isa = PBXBuildFile; fileRef = FBA5494F9128CBECF66B8F3D /* ListPresenter.swift */; };
		A61CBDD7784011D7408800B8 /* ListViewController.swift in Sources */ = {isa = PBXBuildFile; fileRef = 101DA9F36BF39E2395E11C7E /* ListViewController.swift */; };
		B259555921C63813007E0108 /* AppDelegate.swift in Sources */ = {isa = PBXBuildFile; fileRef = B259555821C63813007E0108 /* AppDelegate.swift */; };
		B259556321C63815007E0108 /* LaunchScreen.storyboard in Resources */ = {isa = PBXBuildFile; fileRef = B259556121C63815007E0108 /* LaunchScreen.storyboard */; };
		B259556E21C63815007E0108 /* PracticeTests.swift in Sources */ = {isa = PBXBuildFile; fileRef = B259556D21C63815007E0108 /* PracticeTests.swift */; };
		B259557921C63815007E0108 /* PracticeUITests.swift in Sources */ = {isa = PBXBuildFile; fileRef = B259557821C63815007E0108 /* PracticeUITests.swift */; };
		B259558F21C6500E007E0108 /* UITableView+extension.swift in Sources */ = {isa = PBXBuildFile; fileRef = B259558E21C6500E007E0108 /* UITableView+extension.swift */; };
		B259559221C65077007E0108 /* NSObject+extension.swift in Sources */ = {isa = PBXBuildFile; fileRef = B259559121C65077007E0108 /* NSObject+extension.swift */; };
		B259559E21C65968007E0108 /* ListCell.swift in Sources */ = {isa = PBXBuildFile; fileRef = B259559C21C65968007E0108 /* ListCell.swift */; };
		B25955AE21C65CC6007E0108 /* User.swift in Sources */ = {isa = PBXBuildFile; fileRef = B25955A321C65CC6007E0108 /* User.swift */; };
		B25955AF21C65CC6007E0108 /* Repository.swift in Sources */ = {isa = PBXBuildFile; fileRef = B25955A421C65CC6007E0108 /* Repository.swift */; };
		B25955B021C65CC6007E0108 /* SearchResponse.swift in Sources */ = {isa = PBXBuildFile; fileRef = B25955A521C65CC6007E0108 /* SearchResponse.swift */; };
		B25955B121C65CC6007E0108 /* GitHubAPI.swift in Sources */ = {isa = PBXBuildFile; fileRef = B25955A721C65CC6007E0108 /* GitHubAPI.swift */; };
		B25955B221C65CC6007E0108 /* HTTPMethod.swift in Sources */ = {isa = PBXBuildFile; fileRef = B25955A821C65CC6007E0108 /* HTTPMethod.swift */; };
		B25955B321C65CC6007E0108 /* GitHubRequest.swift in Sources */ = {isa = PBXBuildFile; fileRef = B25955A921C65CC6007E0108 /* GitHubRequest.swift */; };
		B25955B421C65CC6007E0108 /* GitHubClient.swift in Sources */ = {isa = PBXBuildFile; fileRef = B25955AA21C65CC6007E0108 /* GitHubClient.swift */; };
		B25955B521C65CC6007E0108 /* GitHubAPIError.swift in Sources */ = {isa = PBXBuildFile; fileRef = B25955AC21C65CC6007E0108 /* GitHubAPIError.swift */; };
		B25955B621C65CC6007E0108 /* GitHubClientError.swift in Sources */ = {isa = PBXBuildFile; fileRef = B25955AD21C65CC6007E0108 /* GitHubClientError.swift */; };
		B25955C021C676D2007E0108 /* Queryable.swift in Sources */ = {isa = PBXBuildFile; fileRef = B25955BF21C676D2007E0108 /* Queryable.swift */; };
		B25955C221C67819007E0108 /* RepositoryInteractor.swift in Sources */ = {isa = PBXBuildFile; fileRef = B25955C121C67819007E0108 /* RepositoryInteractor.swift */; };
		B262754321C6873700F5441E /* UIAlertController+extension.swift in Sources */ = {isa = PBXBuildFile; fileRef = B262754221C6873700F5441E /* UIAlertController+extension.swift */; };
		B262754521C68C5700F5441E /* RepositorySearchQuery.swift in Sources */ = {isa = PBXBuildFile; fileRef = B262754421C68C5700F5441E /* RepositorySearchQuery.swift */; };
		B262754921C68F0800F5441E /* SearchHistoryInteractor.swift in Sources */ = {isa = PBXBuildFile; fileRef = B262754821C68F0800F5441E /* SearchHistoryInteractor.swift */; };
		B262755121C6A5AD00F5441E /* SearchHistoryViewController.swift in Sources */ = {isa = PBXBuildFile; fileRef = B262754F21C6A5AD00F5441E /* SearchHistoryViewController.swift */; };
		B262755221C6A5AD00F5441E /* SearchHistoryViewController.xib in Resources */ = {isa = PBXBuildFile; fileRef = B262755021C6A5AD00F5441E /* SearchHistoryViewController.xib */; };
		B27D19C821C6C1AA00409751 /* String+extension.swift in Sources */ = {isa = PBXBuildFile; fileRef = B27D19C721C6C1AA00409751 /* String+extension.swift */; };
		B28AFD0021FAB1A100CB672A /* Colors.xcassets in Resources */ = {isa = PBXBuildFile; fileRef = B28AFCFF21FAB1A100CB672A /* Colors.xcassets */; };
		B28AFD0221FAB1E300CB672A /* Images.xcassets in Resources */ = {isa = PBXBuildFile; fileRef = B28AFD0121FAB1E300CB672A /* Images.xcassets */; };
		B2A7414121FAE5220080EA3C /* ListCell.xib in Resources */ = {isa = PBXBuildFile; fileRef = B2A7414021FAE5220080EA3C /* ListCell.xib */; };
		B2B4BD4A21FA9BA100BF3304 /* UIView+extension.swift in Sources */ = {isa = PBXBuildFile; fileRef = B2B4BD4921FA9BA100BF3304 /* UIView+extension.swift */; };
		B2B4BD4C21FA9F4200BF3304 /* UIImageView+extension.swift in Sources */ = {isa = PBXBuildFile; fileRef = B2B4BD4B21FA9F4200BF3304 /* UIImageView+extension.swift */; };
		C78829C7A76E2227FC5696EE /* Pods_PracticeTests.framework in Frameworks */ = {isa = PBXBuildFile; fileRef = 825CEC611AE200AEC9940680 /* Pods_PracticeTests.framework */; };
		C80BAE5D345897A9B0CCF5F6 /* DetailPresenter.swift in Sources */ = {isa = PBXBuildFile; fileRef = 5E82AB0BDFE1E2776B7212B3 /* DetailPresenter.swift */; };
		CC6E1F055EC60D85D97A6B09 /* BookmarkListViewController.swift in Sources */ = {isa = PBXBuildFile; fileRef = 3E26AC1DD3AE71DA3189D0FA /* BookmarkListViewController.swift */; };
		EC02FD9C164EF5B979BB07A0 /* SearchHistoryRouter.swift in Sources */ = {isa = PBXBuildFile; fileRef = D3B4CB335FB7AF569518F8BD /* SearchHistoryRouter.swift */; };
		EEDA17EA4F0391F001577081 /* DetailPresenterTests.swift in Sources */ = {isa = PBXBuildFile; fileRef = 615890CD93D8645EC673E22E /* DetailPresenterTests.swift */; };
		F97BF6C40DF7EFB9F1C940D8 /* DetailContract.swift in Sources */ = {isa = PBXBuildFile; fileRef = 6E819C3283967BF245A720F0 /* DetailContract.swift */; };
		FF9A44172FA6F87BB418DC99 /* Pods_Practice.framework in Frameworks */ = {isa = PBXBuildFile; fileRef = 19EA8C779DD064FA64F1F1D4 /* Pods_Practice.framework */; };
/* End PBXBuildFile section */

/* Begin PBXContainerItemProxy section */
		B259556A21C63815007E0108 /* PBXContainerItemProxy */ = {
			isa = PBXContainerItemProxy;
			containerPortal = B259554D21C63813007E0108 /* Project object */;
			proxyType = 1;
			remoteGlobalIDString = B259555421C63813007E0108;
			remoteInfo = Practice;
		};
		B259557521C63815007E0108 /* PBXContainerItemProxy */ = {
			isa = PBXContainerItemProxy;
			containerPortal = B259554D21C63813007E0108 /* Project object */;
			proxyType = 1;
			remoteGlobalIDString = B259555421C63813007E0108;
			remoteInfo = Practice;
		};
/* End PBXContainerItemProxy section */

/* Begin PBXFileReference section */
		075F35C4C847A7968949DE66 /* Pods-PracticeUITests.debug.xcconfig */ = {isa = PBXFileReference; includeInIndex = 1; lastKnownFileType = text.xcconfig; name = "Pods-PracticeUITests.debug.xcconfig"; path = "Pods/Target Support Files/Pods-PracticeUITests/Pods-PracticeUITests.debug.xcconfig"; sourceTree = "<group>"; };
		101DA9F36BF39E2395E11C7E /* ListViewController.swift */ = {isa = PBXFileReference; includeInIndex = 1; lastKnownFileType = sourcecode.swift; path = ListViewController.swift; sourceTree = "<group>"; };
		19C506A6C05C987FEC203230 /* BookmarkListPresenter.swift */ = {isa = PBXFileReference; includeInIndex = 1; lastKnownFileType = sourcecode.swift; path = BookmarkListPresenter.swift; sourceTree = "<group>"; };
		19EA8C779DD064FA64F1F1D4 /* Pods_Practice.framework */ = {isa = PBXFileReference; explicitFileType = wrapper.framework; includeInIndex = 0; path = Pods_Practice.framework; sourceTree = BUILT_PRODUCTS_DIR; };
		21007CF021F956F800BBDDD7 /* BookmarkListViewController.xib */ = {isa = PBXFileReference; lastKnownFileType = file.xib; path = BookmarkListViewController.xib; sourceTree = "<group>"; };
		21007CF321F9587300BBDDD7 /* BookmarkInteractor.swift */ = {isa = PBXFileReference; lastKnownFileType = sourcecode.swift; path = BookmarkInteractor.swift; sourceTree = "<group>"; };
		21007CFA21F95B0900BBDDD7 /* Bookmark.swift */ = {isa = PBXFileReference; lastKnownFileType = sourcecode.swift; path = Bookmark.swift; sourceTree = "<group>"; };
		2114EBC621CB358A0015F5B1 /* DetailViewController.swift */ = {isa = PBXFileReference; lastKnownFileType = sourcecode.swift; path = DetailViewController.swift; sourceTree = "<group>"; };
		2114EBC721CB358A0015F5B1 /* DetailViewController.xib */ = {isa = PBXFileReference; lastKnownFileType = file.xib; path = DetailViewController.xib; sourceTree = "<group>"; };
		2114EBCC21CB3D610015F5B1 /* UIColor+extension.swift */ = {isa = PBXFileReference; lastKnownFileType = sourcecode.swift; path = "UIColor+extension.swift"; sourceTree = "<group>"; };
		21B54E8A21F01E130090355D /* HistoryCell.swift */ = {isa = PBXFileReference; lastKnownFileType = sourcecode.swift; path = HistoryCell.swift; sourceTree = "<group>"; };
		21B54E8B21F01E130090355D /* HistoryCell.xib */ = {isa = PBXFileReference; lastKnownFileType = file.xib; path = HistoryCell.xib; sourceTree = "<group>"; };
		2BA2FD0B1755957A23A16A73 /* Pods-PracticeTests.release.xcconfig */ = {isa = PBXFileReference; includeInIndex = 1; lastKnownFileType = text.xcconfig; name = "Pods-PracticeTests.release.xcconfig"; path = "Pods/Target Support Files/Pods-PracticeTests/Pods-PracticeTests.release.xcconfig"; sourceTree = "<group>"; };
		3438F2AD5A339A1F1347FD92 /* Pods-PracticeTests.debug.xcconfig */ = {isa = PBXFileReference; includeInIndex = 1; lastKnownFileType = text.xcconfig; name = "Pods-PracticeTests.debug.xcconfig"; path = "Pods/Target Support Files/Pods-PracticeTests/Pods-PracticeTests.debug.xcconfig"; sourceTree = "<group>"; };
		3E26AC1DD3AE71DA3189D0FA /* BookmarkListViewController.swift */ = {isa = PBXFileReference; includeInIndex = 1; lastKnownFileType = sourcecode.swift; path = BookmarkListViewController.swift; sourceTree = "<group>"; };
		3E5652F52513563F455E3B62 /* SearchHistoryPresenter.swift */ = {isa = PBXFileReference; includeInIndex = 1; lastKnownFileType = sourcecode.swift; path = SearchHistoryPresenter.swift; sourceTree = "<group>"; };
		5E82AB0BDFE1E2776B7212B3 /* DetailPresenter.swift */ = {isa = PBXFileReference; includeInIndex = 1; lastKnownFileType = sourcecode.swift; path = DetailPresenter.swift; sourceTree = "<group>"; };
		615890CD93D8645EC673E22E /* DetailPresenterTests.swift */ = {isa = PBXFileReference; includeInIndex = 1; lastKnownFileType = sourcecode.swift; path = DetailPresenterTests.swift; sourceTree = "<group>"; };
		6E819C3283967BF245A720F0 /* DetailContract.swift */ = {isa = PBXFileReference; includeInIndex = 1; lastKnownFileType = sourcecode.swift; path = DetailContract.swift; sourceTree = "<group>"; };
		754085B7AD5B37D68C6B0CA7 /* RootRouter.swift */ = {isa = PBXFileReference; includeInIndex = 1; lastKnownFileType = sourcecode.swift; path = RootRouter.swift; sourceTree = "<group>"; };
		7ACCEC66E2E3FBC95781C59D /* SearchHistoryContract.swift */ = {isa = PBXFileReference; includeInIndex = 1; lastKnownFileType = sourcecode.swift; path = SearchHistoryContract.swift; sourceTree = "<group>"; };
		805DC006022C1729DC06E44C /* BookmarkListPresenterTests.swift */ = {isa = PBXFileReference; includeInIndex = 1; lastKnownFileType = sourcecode.swift; path = BookmarkListPresenterTests.swift; sourceTree = "<group>"; };
		825CEC611AE200AEC9940680 /* Pods_PracticeTests.framework */ = {isa = PBXFileReference; explicitFileType = wrapper.framework; includeInIndex = 0; path = Pods_PracticeTests.framework; sourceTree = BUILT_PRODUCTS_DIR; };
		866F313268D18B066EDC3B42 /* ListContract.swift */ = {isa = PBXFileReference; includeInIndex = 1; lastKnownFileType = sourcecode.swift; path = ListContract.swift; sourceTree = "<group>"; };
		8A9F193224B628F7450B96DF /* BookmarkListContract.swift */ = {isa = PBXFileReference; includeInIndex = 1; lastKnownFileType = sourcecode.swift; path = BookmarkListContract.swift; sourceTree = "<group>"; };
		970D6CDEA7EB45FAA0E8BDBE /* SearchHistoryPresenterTests.swift */ = {isa = PBXFileReference; includeInIndex = 1; lastKnownFileType = sourcecode.swift; path = SearchHistoryPresenterTests.swift; sourceTree = "<group>"; };
		9899AD9263819B4A0A971D11 /* Pods-PracticeUITests.release.xcconfig */ = {isa = PBXFileReference; includeInIndex = 1; lastKnownFileType = text.xcconfig; name = "Pods-PracticeUITests.release.xcconfig"; path = "Pods/Target Support Files/Pods-PracticeUITests/Pods-PracticeUITests.release.xcconfig"; sourceTree = "<group>"; };
		ACA1BA5B876878C2310C0592 /* ListRouter.swift */ = {isa = PBXFileReference; includeInIndex = 1; lastKnownFileType = sourcecode.swift; path = ListRouter.swift; sourceTree = "<group>"; };
		AEC764029484908512A4BD11 /* Pods-Practice.debug.xcconfig */ = {isa = PBXFileReference; includeInIndex = 1; lastKnownFileType = text.xcconfig; name = "Pods-Practice.debug.xcconfig"; path = "Pods/Target Support Files/Pods-Practice/Pods-Practice.debug.xcconfig"; sourceTree = "<group>"; };
		B259555521C63813007E0108 /* Practice.app */ = {isa = PBXFileReference; explicitFileType = wrapper.application; includeInIndex = 0; path = Practice.app; sourceTree = BUILT_PRODUCTS_DIR; };
		B259555821C63813007E0108 /* AppDelegate.swift */ = {isa = PBXFileReference; lastKnownFileType = sourcecode.swift; path = AppDelegate.swift; sourceTree = "<group>"; };
		B259556221C63815007E0108 /* Base */ = {isa = PBXFileReference; lastKnownFileType = file.storyboard; name = Base; path = Base.lproj/LaunchScreen.storyboard; sourceTree = "<group>"; };
		B259556421C63815007E0108 /* Info.plist */ = {isa = PBXFileReference; lastKnownFileType = text.plist.xml; path = Info.plist; sourceTree = "<group>"; };
		B259556921C63815007E0108 /* PracticeTests.xctest */ = {isa = PBXFileReference; explicitFileType = wrapper.cfbundle; includeInIndex = 0; path = PracticeTests.xctest; sourceTree = BUILT_PRODUCTS_DIR; };
		B259556D21C63815007E0108 /* PracticeTests.swift */ = {isa = PBXFileReference; lastKnownFileType = sourcecode.swift; path = PracticeTests.swift; sourceTree = "<group>"; };
		B259556F21C63815007E0108 /* Info.plist */ = {isa = PBXFileReference; lastKnownFileType = text.plist.xml; path = Info.plist; sourceTree = "<group>"; };
		B259557421C63815007E0108 /* PracticeUITests.xctest */ = {isa = PBXFileReference; explicitFileType = wrapper.cfbundle; includeInIndex = 0; path = PracticeUITests.xctest; sourceTree = BUILT_PRODUCTS_DIR; };
		B259557821C63815007E0108 /* PracticeUITests.swift */ = {isa = PBXFileReference; lastKnownFileType = sourcecode.swift; path = PracticeUITests.swift; sourceTree = "<group>"; };
		B259557A21C63815007E0108 /* Info.plist */ = {isa = PBXFileReference; lastKnownFileType = text.plist.xml; path = Info.plist; sourceTree = "<group>"; };
		B259558E21C6500E007E0108 /* UITableView+extension.swift */ = {isa = PBXFileReference; lastKnownFileType = sourcecode.swift; path = "UITableView+extension.swift"; sourceTree = "<group>"; };
		B259559121C65077007E0108 /* NSObject+extension.swift */ = {isa = PBXFileReference; lastKnownFileType = sourcecode.swift; path = "NSObject+extension.swift"; sourceTree = "<group>"; };
		B259559C21C65968007E0108 /* ListCell.swift */ = {isa = PBXFileReference; lastKnownFileType = sourcecode.swift; path = ListCell.swift; sourceTree = "<group>"; };
		B25955A321C65CC6007E0108 /* User.swift */ = {isa = PBXFileReference; fileEncoding = 4; lastKnownFileType = sourcecode.swift; path = User.swift; sourceTree = "<group>"; };
		B25955A421C65CC6007E0108 /* Repository.swift */ = {isa = PBXFileReference; fileEncoding = 4; lastKnownFileType = sourcecode.swift; path = Repository.swift; sourceTree = "<group>"; };
		B25955A521C65CC6007E0108 /* SearchResponse.swift */ = {isa = PBXFileReference; fileEncoding = 4; lastKnownFileType = sourcecode.swift; path = SearchResponse.swift; sourceTree = "<group>"; };
		B25955A721C65CC6007E0108 /* GitHubAPI.swift */ = {isa = PBXFileReference; fileEncoding = 4; lastKnownFileType = sourcecode.swift; path = GitHubAPI.swift; sourceTree = "<group>"; };
		B25955A821C65CC6007E0108 /* HTTPMethod.swift */ = {isa = PBXFileReference; fileEncoding = 4; lastKnownFileType = sourcecode.swift; path = HTTPMethod.swift; sourceTree = "<group>"; };
		B25955A921C65CC6007E0108 /* GitHubRequest.swift */ = {isa = PBXFileReference; fileEncoding = 4; lastKnownFileType = sourcecode.swift; path = GitHubRequest.swift; sourceTree = "<group>"; };
		B25955AA21C65CC6007E0108 /* GitHubClient.swift */ = {isa = PBXFileReference; fileEncoding = 4; lastKnownFileType = sourcecode.swift; path = GitHubClient.swift; sourceTree = "<group>"; };
		B25955AC21C65CC6007E0108 /* GitHubAPIError.swift */ = {isa = PBXFileReference; fileEncoding = 4; lastKnownFileType = sourcecode.swift; path = GitHubAPIError.swift; sourceTree = "<group>"; };
		B25955AD21C65CC6007E0108 /* GitHubClientError.swift */ = {isa = PBXFileReference; fileEncoding = 4; lastKnownFileType = sourcecode.swift; path = GitHubClientError.swift; sourceTree = "<group>"; };
		B25955BF21C676D2007E0108 /* Queryable.swift */ = {isa = PBXFileReference; lastKnownFileType = sourcecode.swift; path = Queryable.swift; sourceTree = "<group>"; };
		B25955C121C67819007E0108 /* RepositoryInteractor.swift */ = {isa = PBXFileReference; lastKnownFileType = sourcecode.swift; path = RepositoryInteractor.swift; sourceTree = "<group>"; };
		B262754221C6873700F5441E /* UIAlertController+extension.swift */ = {isa = PBXFileReference; lastKnownFileType = sourcecode.swift; path = "UIAlertController+extension.swift"; sourceTree = "<group>"; };
		B262754421C68C5700F5441E /* RepositorySearchQuery.swift */ = {isa = PBXFileReference; lastKnownFileType = sourcecode.swift; path = RepositorySearchQuery.swift; sourceTree = "<group>"; };
		B262754821C68F0800F5441E /* SearchHistoryInteractor.swift */ = {isa = PBXFileReference; lastKnownFileType = sourcecode.swift; path = SearchHistoryInteractor.swift; sourceTree = "<group>"; };
		B262754F21C6A5AD00F5441E /* SearchHistoryViewController.swift */ = {isa = PBXFileReference; lastKnownFileType = sourcecode.swift; path = SearchHistoryViewController.swift; sourceTree = "<group>"; };
		B262755021C6A5AD00F5441E /* SearchHistoryViewController.xib */ = {isa = PBXFileReference; lastKnownFileType = file.xib; path = SearchHistoryViewController.xib; sourceTree = "<group>"; };
		B27D19C721C6C1AA00409751 /* String+extension.swift */ = {isa = PBXFileReference; lastKnownFileType = sourcecode.swift; path = "String+extension.swift"; sourceTree = "<group>"; };
		B28AFCFF21FAB1A100CB672A /* Colors.xcassets */ = {isa = PBXFileReference; lastKnownFileType = folder.assetcatalog; name = Colors.xcassets; path = Assets.xcassets/Colors.xcassets; sourceTree = "<group>"; };
		B28AFD0121FAB1E300CB672A /* Images.xcassets */ = {isa = PBXFileReference; lastKnownFileType = folder.assetcatalog; path = Images.xcassets; sourceTree = "<group>"; };
		B2A7414021FAE5220080EA3C /* ListCell.xib */ = {isa = PBXFileReference; lastKnownFileType = file.xib; path = ListCell.xib; sourceTree = "<group>"; };
		B2B4BD4921FA9BA100BF3304 /* UIView+extension.swift */ = {isa = PBXFileReference; lastKnownFileType = sourcecode.swift; path = "UIView+extension.swift"; sourceTree = "<group>"; };
		B2B4BD4B21FA9F4200BF3304 /* UIImageView+extension.swift */ = {isa = PBXFileReference; lastKnownFileType = sourcecode.swift; path = "UIImageView+extension.swift"; sourceTree = "<group>"; };
		CCF0D918BD63A899A22B3734 /* ListPresenterTests.swift */ = {isa = PBXFileReference; includeInIndex = 1; lastKnownFileType = sourcecode.swift; path = ListPresenterTests.swift; sourceTree = "<group>"; };
		D3B4CB335FB7AF569518F8BD /* SearchHistoryRouter.swift */ = {isa = PBXFileReference; includeInIndex = 1; lastKnownFileType = sourcecode.swift; path = SearchHistoryRouter.swift; sourceTree = "<group>"; };
		D870320F86057DEFAB8801D6 /* Pods_PracticeUITests.framework */ = {isa = PBXFileReference; explicitFileType = wrapper.framework; includeInIndex = 0; path = Pods_PracticeUITests.framework; sourceTree = BUILT_PRODUCTS_DIR; };
		E1BAC8CC5FDE2CA2BB6AAB2C /* BookmarkListRouter.swift */ = {isa = PBXFileReference; includeInIndex = 1; lastKnownFileType = sourcecode.swift; path = BookmarkListRouter.swift; sourceTree = "<group>"; };
		EE9C609883E2BA7B9838A6D9 /* DetailRouter.swift */ = {isa = PBXFileReference; includeInIndex = 1; lastKnownFileType = sourcecode.swift; path = DetailRouter.swift; sourceTree = "<group>"; };
		FA5F4ECFEB2E1985D3EE7AC1 /* Pods-Practice.release.xcconfig */ = {isa = PBXFileReference; includeInIndex = 1; lastKnownFileType = text.xcconfig; name = "Pods-Practice.release.xcconfig"; path = "Pods/Target Support Files/Pods-Practice/Pods-Practice.release.xcconfig"; sourceTree = "<group>"; };
		FBA5494F9128CBECF66B8F3D /* ListPresenter.swift */ = {isa = PBXFileReference; includeInIndex = 1; lastKnownFileType = sourcecode.swift; path = ListPresenter.swift; sourceTree = "<group>"; };
/* End PBXFileReference section */

/* Begin PBXFrameworksBuildPhase section */
		B259555221C63813007E0108 /* Frameworks */ = {
			isa = PBXFrameworksBuildPhase;
			buildActionMask = 2147483647;
			files = (
				FF9A44172FA6F87BB418DC99 /* Pods_Practice.framework in Frameworks */,
			);
			runOnlyForDeploymentPostprocessing = 0;
		};
		B259556621C63815007E0108 /* Frameworks */ = {
			isa = PBXFrameworksBuildPhase;
			buildActionMask = 2147483647;
			files = (
				C78829C7A76E2227FC5696EE /* Pods_PracticeTests.framework in Frameworks */,
			);
			runOnlyForDeploymentPostprocessing = 0;
		};
		B259557121C63815007E0108 /* Frameworks */ = {
			isa = PBXFrameworksBuildPhase;
			buildActionMask = 2147483647;
			files = (
				2107FF437DF8B9D111C1CBBD /* Pods_PracticeUITests.framework in Frameworks */,
			);
			runOnlyForDeploymentPostprocessing = 0;
		};
/* End PBXFrameworksBuildPhase section */

/* Begin PBXGroup section */
		01DCFBDA507A960D66AE4653 /* Scenes */ = {
			isa = PBXGroup;
			children = (
				754085B7AD5B37D68C6B0CA7 /* RootRouter.swift */,
				47D115B4587295A1EAA3EA37 /* List */,
				AE6E621E38C2673592293FC8 /* Detail */,
				367BE88A6654861C7794BDDA /* BookmarkList */,
				E703E0540950FADFA44E29DF /* SearchHistory */,
			);
			path = Scenes;
			sourceTree = "<group>";
		};
		21007CF721F95A8F00BBDDD7 /* SearchHistory */ = {
			isa = PBXGroup;
			children = (
				B262754821C68F0800F5441E /* SearchHistoryInteractor.swift */,
				B262754421C68C5700F5441E /* RepositorySearchQuery.swift */,
			);
			path = SearchHistory;
			sourceTree = "<group>";
		};
		21007CF821F95AB300BBDDD7 /* Repository */ = {
			isa = PBXGroup;
			children = (
				B25955A321C65CC6007E0108 /* User.swift */,
				B25955A421C65CC6007E0108 /* Repository.swift */,
				B25955A521C65CC6007E0108 /* SearchResponse.swift */,
				B25955C121C67819007E0108 /* RepositoryInteractor.swift */,
			);
			path = Repository;
			sourceTree = "<group>";
		};
		21007CF921F95AD300BBDDD7 /* Bookmark */ = {
			isa = PBXGroup;
			children = (
				21007CF321F9587300BBDDD7 /* BookmarkInteractor.swift */,
				21007CFA21F95B0900BBDDD7 /* Bookmark.swift */,
			);
			path = Bookmark;
			sourceTree = "<group>";
		};
		21B54E8521F01C020090355D /* Cell */ = {
			isa = PBXGroup;
			children = (
				21B54E8A21F01E130090355D /* HistoryCell.swift */,
				21B54E8B21F01E130090355D /* HistoryCell.xib */,
			);
			path = Cell;
			sourceTree = "<group>";
		};
		367BE88A6654861C7794BDDA /* BookmarkList */ = {
			isa = PBXGroup;
			children = (
				D54597BBD204DA2537D71F77 /* Presentation */,
				E1BAC8CC5FDE2CA2BB6AAB2C /* BookmarkListRouter.swift */,
				8A9F193224B628F7450B96DF /* BookmarkListContract.swift */,
			);
			path = BookmarkList;
			sourceTree = "<group>";
		};
		4343B856D1F11BEEE12D669C /* Presentation */ = {
			isa = PBXGroup;
			children = (
				EA259B767EB0092B474331AF /* View */,
				FBA5494F9128CBECF66B8F3D /* ListPresenter.swift */,
				CCF0D918BD63A899A22B3734 /* ListPresenterTests.swift */,
			);
			path = Presentation;
			sourceTree = "<group>";
		};
		47D115B4587295A1EAA3EA37 /* List */ = {
			isa = PBXGroup;
			children = (
				4343B856D1F11BEEE12D669C /* Presentation */,
				ACA1BA5B876878C2310C0592 /* ListRouter.swift */,
				866F313268D18B066EDC3B42 /* ListContract.swift */,
			);
			path = List;
			sourceTree = "<group>";
		};
		4C491D3B2501F0226C10CB6E /* Presentation */ = {
			isa = PBXGroup;
			children = (
				88C700B504594B142793355C /* View */,
				3E5652F52513563F455E3B62 /* SearchHistoryPresenter.swift */,
				970D6CDEA7EB45FAA0E8BDBE /* SearchHistoryPresenterTests.swift */,
			);
			path = Presentation;
			sourceTree = "<group>";
		};
		4EC23805EA7766CA31DA8565 /* View */ = {
			isa = PBXGroup;
			children = (
				3E26AC1DD3AE71DA3189D0FA /* BookmarkListViewController.swift */,
				21007CF021F956F800BBDDD7 /* BookmarkListViewController.xib */,
			);
			path = View;
			sourceTree = "<group>";
		};
		5793CF6EDC66DCDC13FFADA2 /* Presentation */ = {
			isa = PBXGroup;
			children = (
				ED4C481F41086FD1C19CA8FE /* View */,
				5E82AB0BDFE1E2776B7212B3 /* DetailPresenter.swift */,
				615890CD93D8645EC673E22E /* DetailPresenterTests.swift */,
			);
			path = Presentation;
			sourceTree = "<group>";
		};
		667A72F63F91939585B42EA6 /* Pods */ = {
			isa = PBXGroup;
			children = (
				AEC764029484908512A4BD11 /* Pods-Practice.debug.xcconfig */,
				FA5F4ECFEB2E1985D3EE7AC1 /* Pods-Practice.release.xcconfig */,
				3438F2AD5A339A1F1347FD92 /* Pods-PracticeTests.debug.xcconfig */,
				2BA2FD0B1755957A23A16A73 /* Pods-PracticeTests.release.xcconfig */,
				075F35C4C847A7968949DE66 /* Pods-PracticeUITests.debug.xcconfig */,
				9899AD9263819B4A0A971D11 /* Pods-PracticeUITests.release.xcconfig */,
			);
			name = Pods;
			sourceTree = "<group>";
		};
		88C700B504594B142793355C /* View */ = {
			isa = PBXGroup;
			children = (
				21B54E8521F01C020090355D /* Cell */,
				B262754F21C6A5AD00F5441E /* SearchHistoryViewController.swift */,
				B262755021C6A5AD00F5441E /* SearchHistoryViewController.xib */,
			);
			path = View;
			sourceTree = "<group>";
		};
		AE6E621E38C2673592293FC8 /* Detail */ = {
			isa = PBXGroup;
			children = (
				5793CF6EDC66DCDC13FFADA2 /* Presentation */,
				EE9C609883E2BA7B9838A6D9 /* DetailRouter.swift */,
				6E819C3283967BF245A720F0 /* DetailContract.swift */,
			);
			path = Detail;
			sourceTree = "<group>";
		};
		B259554C21C63813007E0108 = {
			isa = PBXGroup;
			children = (
				B259555721C63813007E0108 /* Practice */,
				B259556C21C63815007E0108 /* PracticeTests */,
				B259557721C63815007E0108 /* PracticeUITests */,
				B259555621C63813007E0108 /* Products */,
				667A72F63F91939585B42EA6 /* Pods */,
				C7D45CDAC4179B9B6E507EF3 /* Frameworks */,
			);
			sourceTree = "<group>";
		};
		B259555621C63813007E0108 /* Products */ = {
			isa = PBXGroup;
			children = (
				B259555521C63813007E0108 /* Practice.app */,
				B259556921C63815007E0108 /* PracticeTests.xctest */,
				B259557421C63815007E0108 /* PracticeUITests.xctest */,
			);
			name = Products;
			sourceTree = "<group>";
		};
		B259555721C63813007E0108 /* Practice */ = {
			isa = PBXGroup;
			children = (
				B25955B721C65CDA007E0108 /* Data */,
				B25955A021C65CA8007E0108 /* Services */,
				B259558D21C64FCA007E0108 /* Environment */,
				B259558721C63AF6007E0108 /* Resources */,
				B259558621C63A45007E0108 /* Application */,
				01DCFBDA507A960D66AE4653 /* Scenes */,
			);
			path = Practice;
			sourceTree = "<group>";
		};
		B259556C21C63815007E0108 /* PracticeTests */ = {
			isa = PBXGroup;
			children = (
				B259556D21C63815007E0108 /* PracticeTests.swift */,
				B259556F21C63815007E0108 /* Info.plist */,
			);
			path = PracticeTests;
			sourceTree = "<group>";
		};
		B259557721C63815007E0108 /* PracticeUITests */ = {
			isa = PBXGroup;
			children = (
				B259557821C63815007E0108 /* PracticeUITests.swift */,
				B259557A21C63815007E0108 /* Info.plist */,
			);
			path = PracticeUITests;
			sourceTree = "<group>";
		};
		B259558621C63A45007E0108 /* Application */ = {
			isa = PBXGroup;
			children = (
				B259556121C63815007E0108 /* LaunchScreen.storyboard */,
				B259556421C63815007E0108 /* Info.plist */,
				B259555821C63813007E0108 /* AppDelegate.swift */,
			);
			path = Application;
			sourceTree = "<group>";
		};
		B259558721C63AF6007E0108 /* Resources */ = {
			isa = PBXGroup;
			children = (
				B28AFCFF21FAB1A100CB672A /* Colors.xcassets */,
				B28AFD0121FAB1E300CB672A /* Images.xcassets */,
			);
			path = Resources;
			sourceTree = "<group>";
		};
		B259558D21C64FCA007E0108 /* Environment */ = {
			isa = PBXGroup;
			children = (
				B259558E21C6500E007E0108 /* UITableView+extension.swift */,
				B259559121C65077007E0108 /* NSObject+extension.swift */,
				B262754221C6873700F5441E /* UIAlertController+extension.swift */,
				B27D19C721C6C1AA00409751 /* String+extension.swift */,
				2114EBCC21CB3D610015F5B1 /* UIColor+extension.swift */,
				B2B4BD4921FA9BA100BF3304 /* UIView+extension.swift */,
				B2B4BD4B21FA9F4200BF3304 /* UIImageView+extension.swift */,
			);
			path = Environment;
			sourceTree = "<group>";
		};
		B259559321C653E4007E0108 /* Cell */ = {
			isa = PBXGroup;
			children = (
				B259559C21C65968007E0108 /* ListCell.swift */,
				B2A7414021FAE5220080EA3C /* ListCell.xib */,
			);
			path = Cell;
			sourceTree = "<group>";
		};
		B25955A021C65CA8007E0108 /* Services */ = {
			isa = PBXGroup;
			children = (
				B25955A121C65CC6007E0108 /* GitHubClient */,
			);
			path = Services;
			sourceTree = "<group>";
		};
		B25955A121C65CC6007E0108 /* GitHubClient */ = {
			isa = PBXGroup;
			children = (
				B25955BB21C673B8007E0108 /* Query */,
				B25955A621C65CC6007E0108 /* Request */,
				B25955AA21C65CC6007E0108 /* GitHubClient.swift */,
				B25955AB21C65CC6007E0108 /* Error */,
			);
			path = GitHubClient;
			sourceTree = "<group>";
		};
		B25955A621C65CC6007E0108 /* Request */ = {
			isa = PBXGroup;
			children = (
				B25955A821C65CC6007E0108 /* HTTPMethod.swift */,
				B25955A721C65CC6007E0108 /* GitHubAPI.swift */,
				B25955A921C65CC6007E0108 /* GitHubRequest.swift */,
			);
			path = Request;
			sourceTree = "<group>";
		};
		B25955AB21C65CC6007E0108 /* Error */ = {
			isa = PBXGroup;
			children = (
				B25955AC21C65CC6007E0108 /* GitHubAPIError.swift */,
				B25955AD21C65CC6007E0108 /* GitHubClientError.swift */,
			);
			path = Error;
			sourceTree = "<group>";
		};
		B25955B721C65CDA007E0108 /* Data */ = {
			isa = PBXGroup;
			children = (
				21007CF921F95AD300BBDDD7 /* Bookmark */,
				21007CF821F95AB300BBDDD7 /* Repository */,
				21007CF721F95A8F00BBDDD7 /* SearchHistory */,
			);
			path = Data;
			sourceTree = "<group>";
		};
		B25955BB21C673B8007E0108 /* Query */ = {
			isa = PBXGroup;
			children = (
				B25955BF21C676D2007E0108 /* Queryable.swift */,
			);
			path = Query;
			sourceTree = "<group>";
		};
		C7D45CDAC4179B9B6E507EF3 /* Frameworks */ = {
			isa = PBXGroup;
			children = (
				19EA8C779DD064FA64F1F1D4 /* Pods_Practice.framework */,
				825CEC611AE200AEC9940680 /* Pods_PracticeTests.framework */,
				D870320F86057DEFAB8801D6 /* Pods_PracticeUITests.framework */,
			);
			name = Frameworks;
			sourceTree = "<group>";
		};
		D54597BBD204DA2537D71F77 /* Presentation */ = {
			isa = PBXGroup;
			children = (
				4EC23805EA7766CA31DA8565 /* View */,
				19C506A6C05C987FEC203230 /* BookmarkListPresenter.swift */,
				805DC006022C1729DC06E44C /* BookmarkListPresenterTests.swift */,
			);
			path = Presentation;
			sourceTree = "<group>";
		};
		E703E0540950FADFA44E29DF /* SearchHistory */ = {
			isa = PBXGroup;
			children = (
				4C491D3B2501F0226C10CB6E /* Presentation */,
				D3B4CB335FB7AF569518F8BD /* SearchHistoryRouter.swift */,
				7ACCEC66E2E3FBC95781C59D /* SearchHistoryContract.swift */,
			);
			path = SearchHistory;
			sourceTree = "<group>";
		};
		EA259B767EB0092B474331AF /* View */ = {
			isa = PBXGroup;
			children = (
				B259559321C653E4007E0108 /* Cell */,
				101DA9F36BF39E2395E11C7E /* ListViewController.swift */,
			);
			path = View;
			sourceTree = "<group>";
		};
		ED4C481F41086FD1C19CA8FE /* View */ = {
			isa = PBXGroup;
			children = (
				2114EBC621CB358A0015F5B1 /* DetailViewController.swift */,
				2114EBC721CB358A0015F5B1 /* DetailViewController.xib */,
			);
			path = View;
			sourceTree = "<group>";
		};
/* End PBXGroup section */

/* Begin PBXNativeTarget section */
		B259555421C63813007E0108 /* Practice */ = {
			isa = PBXNativeTarget;
			buildConfigurationList = B259557D21C63815007E0108 /* Build configuration list for PBXNativeTarget "Practice" */;
			buildPhases = (
				A08FA482197BBA2488FB68BD /* [CP] Check Pods Manifest.lock */,
				B259555121C63813007E0108 /* Sources */,
				B259555221C63813007E0108 /* Frameworks */,
				B259555321C63813007E0108 /* Resources */,
				E81E4D6BCE40787D22CFAF59 /* [CP] Embed Pods Frameworks */,
			);
			buildRules = (
			);
			dependencies = (
			);
			name = Practice;
			productName = Practice;
			productReference = B259555521C63813007E0108 /* Practice.app */;
			productType = "com.apple.product-type.application";
		};
		B259556821C63815007E0108 /* PracticeTests */ = {
			isa = PBXNativeTarget;
			buildConfigurationList = B259558021C63815007E0108 /* Build configuration list for PBXNativeTarget "PracticeTests" */;
			buildPhases = (
				747F9BF0F970E64D86CDAE13 /* [CP] Check Pods Manifest.lock */,
				B259556521C63815007E0108 /* Sources */,
				B259556621C63815007E0108 /* Frameworks */,
				B259556721C63815007E0108 /* Resources */,
			);
			buildRules = (
			);
			dependencies = (
				B259556B21C63815007E0108 /* PBXTargetDependency */,
			);
			name = PracticeTests;
			productName = PracticeTests;
			productReference = B259556921C63815007E0108 /* PracticeTests.xctest */;
			productType = "com.apple.product-type.bundle.unit-test";
		};
		B259557321C63815007E0108 /* PracticeUITests */ = {
			isa = PBXNativeTarget;
			buildConfigurationList = B259558321C63815007E0108 /* Build configuration list for PBXNativeTarget "PracticeUITests" */;
			buildPhases = (
				27480B74C451316362F7A6C0 /* [CP] Check Pods Manifest.lock */,
				B259557021C63815007E0108 /* Sources */,
				B259557121C63815007E0108 /* Frameworks */,
				B259557221C63815007E0108 /* Resources */,
			);
			buildRules = (
			);
			dependencies = (
				B259557621C63815007E0108 /* PBXTargetDependency */,
			);
			name = PracticeUITests;
			productName = PracticeUITests;
			productReference = B259557421C63815007E0108 /* PracticeUITests.xctest */;
			productType = "com.apple.product-type.bundle.ui-testing";
		};
/* End PBXNativeTarget section */

/* Begin PBXProject section */
		B259554D21C63813007E0108 /* Project object */ = {
			isa = PBXProject;
			attributes = {
				LastSwiftUpdateCheck = 1010;
				LastUpgradeCheck = 1010;
				ORGANIZATIONNAME = "Yuka Matsuo";
				TargetAttributes = {
					B259555421C63813007E0108 = {
						CreatedOnToolsVersion = 10.1;
						ProvisioningStyle = Automatic;
					};
					B259556821C63815007E0108 = {
						CreatedOnToolsVersion = 10.1;
						ProvisioningStyle = Automatic;
						TestTargetID = B259555421C63813007E0108;
					};
					B259557321C63815007E0108 = {
						CreatedOnToolsVersion = 10.1;
						ProvisioningStyle = Automatic;
						TestTargetID = B259555421C63813007E0108;
					};
				};
			};
			buildConfigurationList = B259555021C63813007E0108 /* Build configuration list for PBXProject "Practice" */;
			compatibilityVersion = "Xcode 8.0";
			developmentRegion = en;
			hasScannedForEncodings = 0;
			knownRegions = (
				en,
				Base,
			);
			mainGroup = B259554C21C63813007E0108;
			productRefGroup = B259555621C63813007E0108 /* Products */;
			projectDirPath = "";
			projectRoot = "";
			targets = (
				B259555421C63813007E0108 /* Practice */,
				B259556821C63815007E0108 /* PracticeTests */,
				B259557321C63815007E0108 /* PracticeUITests */,
			);
		};
/* End PBXProject section */

/* Begin PBXResourcesBuildPhase section */
		B259555321C63813007E0108 /* Resources */ = {
			isa = PBXResourcesBuildPhase;
			buildActionMask = 2147483647;
			files = (
				B28AFD0221FAB1E300CB672A /* Images.xcassets in Resources */,
				B2A7414121FAE5220080EA3C /* ListCell.xib in Resources */,
				21007CF121F956F800BBDDD7 /* BookmarkListViewController.xib in Resources */,
				B262755221C6A5AD00F5441E /* SearchHistoryViewController.xib in Resources */,
				B28AFD0021FAB1A100CB672A /* Colors.xcassets in Resources */,
				21B54E8D21F01E130090355D /* HistoryCell.xib in Resources */,
				2114EBC921CB358A0015F5B1 /* DetailViewController.xib in Resources */,
				B259556321C63815007E0108 /* LaunchScreen.storyboard in Resources */,
			);
			runOnlyForDeploymentPostprocessing = 0;
		};
		B259556721C63815007E0108 /* Resources */ = {
			isa = PBXResourcesBuildPhase;
			buildActionMask = 2147483647;
			files = (
			);
			runOnlyForDeploymentPostprocessing = 0;
		};
		B259557221C63815007E0108 /* Resources */ = {
			isa = PBXResourcesBuildPhase;
			buildActionMask = 2147483647;
			files = (
			);
			runOnlyForDeploymentPostprocessing = 0;
		};
/* End PBXResourcesBuildPhase section */

/* Begin PBXShellScriptBuildPhase section */
		27480B74C451316362F7A6C0 /* [CP] Check Pods Manifest.lock */ = {
			isa = PBXShellScriptBuildPhase;
			buildActionMask = 2147483647;
			files = (
			);
			inputPaths = (
				"${PODS_PODFILE_DIR_PATH}/Podfile.lock",
				"${PODS_ROOT}/Manifest.lock",
			);
			name = "[CP] Check Pods Manifest.lock";
			outputPaths = (
				"$(DERIVED_FILE_DIR)/Pods-PracticeUITests-checkManifestLockResult.txt",
			);
			runOnlyForDeploymentPostprocessing = 0;
			shellPath = /bin/sh;
			shellScript = "diff \"${PODS_PODFILE_DIR_PATH}/Podfile.lock\" \"${PODS_ROOT}/Manifest.lock\" > /dev/null\nif [ $? != 0 ] ; then\n    # print error to STDERR\n    echo \"error: The sandbox is not in sync with the Podfile.lock. Run 'pod install' or update your CocoaPods installation.\" >&2\n    exit 1\nfi\n# This output is used by Xcode 'outputs' to avoid re-running this script phase.\necho \"SUCCESS\" > \"${SCRIPT_OUTPUT_FILE_0}\"\n";
			showEnvVarsInLog = 0;
		};
		747F9BF0F970E64D86CDAE13 /* [CP] Check Pods Manifest.lock */ = {
			isa = PBXShellScriptBuildPhase;
			buildActionMask = 2147483647;
			files = (
			);
			inputPaths = (
				"${PODS_PODFILE_DIR_PATH}/Podfile.lock",
				"${PODS_ROOT}/Manifest.lock",
			);
			name = "[CP] Check Pods Manifest.lock";
			outputPaths = (
				"$(DERIVED_FILE_DIR)/Pods-PracticeTests-checkManifestLockResult.txt",
			);
			runOnlyForDeploymentPostprocessing = 0;
			shellPath = /bin/sh;
			shellScript = "diff \"${PODS_PODFILE_DIR_PATH}/Podfile.lock\" \"${PODS_ROOT}/Manifest.lock\" > /dev/null\nif [ $? != 0 ] ; then\n    # print error to STDERR\n    echo \"error: The sandbox is not in sync with the Podfile.lock. Run 'pod install' or update your CocoaPods installation.\" >&2\n    exit 1\nfi\n# This output is used by Xcode 'outputs' to avoid re-running this script phase.\necho \"SUCCESS\" > \"${SCRIPT_OUTPUT_FILE_0}\"\n";
			showEnvVarsInLog = 0;
		};
		A08FA482197BBA2488FB68BD /* [CP] Check Pods Manifest.lock */ = {
			isa = PBXShellScriptBuildPhase;
			buildActionMask = 2147483647;
			files = (
			);
			inputPaths = (
				"${PODS_PODFILE_DIR_PATH}/Podfile.lock",
				"${PODS_ROOT}/Manifest.lock",
			);
			name = "[CP] Check Pods Manifest.lock";
			outputPaths = (
				"$(DERIVED_FILE_DIR)/Pods-Practice-checkManifestLockResult.txt",
			);
			runOnlyForDeploymentPostprocessing = 0;
			shellPath = /bin/sh;
			shellScript = "diff \"${PODS_PODFILE_DIR_PATH}/Podfile.lock\" \"${PODS_ROOT}/Manifest.lock\" > /dev/null\nif [ $? != 0 ] ; then\n    # print error to STDERR\n    echo \"error: The sandbox is not in sync with the Podfile.lock. Run 'pod install' or update your CocoaPods installation.\" >&2\n    exit 1\nfi\n# This output is used by Xcode 'outputs' to avoid re-running this script phase.\necho \"SUCCESS\" > \"${SCRIPT_OUTPUT_FILE_0}\"\n";
			showEnvVarsInLog = 0;
		};
		E81E4D6BCE40787D22CFAF59 /* [CP] Embed Pods Frameworks */ = {
			isa = PBXShellScriptBuildPhase;
			buildActionMask = 2147483647;
			files = (
			);
			inputPaths = (
				"${SRCROOT}/Pods/Target Support Files/Pods-Practice/Pods-Practice-frameworks.sh",
				"${BUILT_PRODUCTS_DIR}/Kingfisher/Kingfisher.framework",
				"${BUILT_PRODUCTS_DIR}/Realm/Realm.framework",
				"${BUILT_PRODUCTS_DIR}/RealmSwift/RealmSwift.framework",
			);
			name = "[CP] Embed Pods Frameworks";
			outputPaths = (
				"${TARGET_BUILD_DIR}/${FRAMEWORKS_FOLDER_PATH}/Kingfisher.framework",
				"${TARGET_BUILD_DIR}/${FRAMEWORKS_FOLDER_PATH}/Realm.framework",
				"${TARGET_BUILD_DIR}/${FRAMEWORKS_FOLDER_PATH}/RealmSwift.framework",
			);
			runOnlyForDeploymentPostprocessing = 0;
			shellPath = /bin/sh;
			shellScript = "\"${SRCROOT}/Pods/Target Support Files/Pods-Practice/Pods-Practice-frameworks.sh\"\n";
			showEnvVarsInLog = 0;
		};
/* End PBXShellScriptBuildPhase section */

/* Begin PBXSourcesBuildPhase section */
		B259555121C63813007E0108 /* Sources */ = {
			isa = PBXSourcesBuildPhase;
			buildActionMask = 2147483647;
			files = (
				B25955C021C676D2007E0108 /* Queryable.swift in Sources */,
				B25955B621C65CC6007E0108 /* GitHubClientError.swift in Sources */,
				B259555921C63813007E0108 /* AppDelegate.swift in Sources */,
				424B88287142F4587BA432E2 /* RootRouter.swift in Sources */,
				B25955B221C65CC6007E0108 /* HTTPMethod.swift in Sources */,
				21B54E8C21F01E130090355D /* HistoryCell.swift in Sources */,
				B25955C221C67819007E0108 /* RepositoryInteractor.swift in Sources */,
				2114EBC821CB358A0015F5B1 /* DetailViewController.swift in Sources */,
				B262755121C6A5AD00F5441E /* SearchHistoryViewController.swift in Sources */,
				A61CBDD7784011D7408800B8 /* ListViewController.swift in Sources */,
				B262754921C68F0800F5441E /* SearchHistoryInteractor.swift in Sources */,
				B259559221C65077007E0108 /* NSObject+extension.swift in Sources */,
				B25955B521C65CC6007E0108 /* GitHubAPIError.swift in Sources */,
				B27D19C821C6C1AA00409751 /* String+extension.swift in Sources */,
				B25955B121C65CC6007E0108 /* GitHubAPI.swift in Sources */,
				B259558F21C6500E007E0108 /* UITableView+extension.swift in Sources */,
				B25955AF21C65CC6007E0108 /* Repository.swift in Sources */,
				8CA19856B2A7231E45BB6E79 /* ListPresenter.swift in Sources */,
				B259559E21C65968007E0108 /* ListCell.swift in Sources */,
				B25955B321C65CC6007E0108 /* GitHubRequest.swift in Sources */,
				B25955B021C65CC6007E0108 /* SearchResponse.swift in Sources */,
				2197F93AB6F6805E6DB30512 /* ListRouter.swift in Sources */,
				B2B4BD4A21FA9BA100BF3304 /* UIView+extension.swift in Sources */,
				B25955AE21C65CC6007E0108 /* User.swift in Sources */,
				26F5CDB6311F2C7F12BC61ED /* ListContract.swift in Sources */,
				B262754321C6873700F5441E /* UIAlertController+extension.swift in Sources */,
				21007CF421F9587300BBDDD7 /* BookmarkInteractor.swift in Sources */,
				B25955B421C65CC6007E0108 /* GitHubClient.swift in Sources */,
				B262754521C68C5700F5441E /* RepositorySearchQuery.swift in Sources */,
				C80BAE5D345897A9B0CCF5F6 /* DetailPresenter.swift in Sources */,
				2114EBCD21CB3D610015F5B1 /* UIColor+extension.swift in Sources */,
				46014F187F1A2FB27ACE0389 /* DetailRouter.swift in Sources */,
				F97BF6C40DF7EFB9F1C940D8 /* DetailContract.swift in Sources */,
				CC6E1F055EC60D85D97A6B09 /* BookmarkListViewController.swift in Sources */,
				21007CFB21F95B0900BBDDD7 /* Bookmark.swift in Sources */,
				00EFA88659BD7039B35B1881 /* BookmarkListPresenter.swift in Sources */,
				B2B4BD4C21FA9F4200BF3304 /* UIImageView+extension.swift in Sources */,
				8ADC1EA98B4E16AD4F1792FD /* BookmarkListRouter.swift in Sources */,
				892832AD45F311CB34C41080 /* BookmarkListContract.swift in Sources */,
				45BF7FB66486ADF31FB99652 /* SearchHistoryPresenter.swift in Sources */,
				EC02FD9C164EF5B979BB07A0 /* SearchHistoryRouter.swift in Sources */,
				05FF01EF006080A08BCDDD6D /* SearchHistoryContract.swift in Sources */,
			);
			runOnlyForDeploymentPostprocessing = 0;
		};
		B259556521C63815007E0108 /* Sources */ = {
			isa = PBXSourcesBuildPhase;
			buildActionMask = 2147483647;
			files = (
				B259556E21C63815007E0108 /* PracticeTests.swift in Sources */,
				19D98DB6E15ACD3D682EEA75 /* ListPresenterTests.swift in Sources */,
				EEDA17EA4F0391F001577081 /* DetailPresenterTests.swift in Sources */,
				837903DE06C27D8E79495894 /* BookmarkListPresenterTests.swift in Sources */,
				4AB02790AE98A8E7C6298AB1 /* SearchHistoryPresenterTests.swift in Sources */,
			);
			runOnlyForDeploymentPostprocessing = 0;
		};
		B259557021C63815007E0108 /* Sources */ = {
			isa = PBXSourcesBuildPhase;
			buildActionMask = 2147483647;
			files = (
				B259557921C63815007E0108 /* PracticeUITests.swift in Sources */,
			);
			runOnlyForDeploymentPostprocessing = 0;
		};
/* End PBXSourcesBuildPhase section */

/* Begin PBXTargetDependency section */
		B259556B21C63815007E0108 /* PBXTargetDependency */ = {
			isa = PBXTargetDependency;
			target = B259555421C63813007E0108 /* Practice */;
			targetProxy = B259556A21C63815007E0108 /* PBXContainerItemProxy */;
		};
		B259557621C63815007E0108 /* PBXTargetDependency */ = {
			isa = PBXTargetDependency;
			target = B259555421C63813007E0108 /* Practice */;
			targetProxy = B259557521C63815007E0108 /* PBXContainerItemProxy */;
		};
/* End PBXTargetDependency section */

/* Begin PBXVariantGroup section */
		B259556121C63815007E0108 /* LaunchScreen.storyboard */ = {
			isa = PBXVariantGroup;
			children = (
				B259556221C63815007E0108 /* Base */,
			);
			name = LaunchScreen.storyboard;
			sourceTree = "<group>";
		};
/* End PBXVariantGroup section */

/* Begin XCBuildConfiguration section */
		B259557B21C63815007E0108 /* Debug */ = {
			isa = XCBuildConfiguration;
			buildSettings = {
				ALWAYS_SEARCH_USER_PATHS = NO;
				CLANG_ANALYZER_NONNULL = YES;
				CLANG_ANALYZER_NUMBER_OBJECT_CONVERSION = YES_AGGRESSIVE;
				CLANG_CXX_LANGUAGE_STANDARD = "gnu++14";
				CLANG_CXX_LIBRARY = "libc++";
				CLANG_ENABLE_MODULES = YES;
				CLANG_ENABLE_OBJC_ARC = YES;
				CLANG_ENABLE_OBJC_WEAK = YES;
				CLANG_WARN_BLOCK_CAPTURE_AUTORELEASING = YES;
				CLANG_WARN_BOOL_CONVERSION = YES;
				CLANG_WARN_COMMA = YES;
				CLANG_WARN_CONSTANT_CONVERSION = YES;
				CLANG_WARN_DEPRECATED_OBJC_IMPLEMENTATIONS = YES;
				CLANG_WARN_DIRECT_OBJC_ISA_USAGE = YES_ERROR;
				CLANG_WARN_DOCUMENTATION_COMMENTS = YES;
				CLANG_WARN_EMPTY_BODY = YES;
				CLANG_WARN_ENUM_CONVERSION = YES;
				CLANG_WARN_INFINITE_RECURSION = YES;
				CLANG_WARN_INT_CONVERSION = YES;
				CLANG_WARN_NON_LITERAL_NULL_CONVERSION = YES;
				CLANG_WARN_OBJC_IMPLICIT_RETAIN_SELF = YES;
				CLANG_WARN_OBJC_LITERAL_CONVERSION = YES;
				CLANG_WARN_OBJC_ROOT_CLASS = YES_ERROR;
				CLANG_WARN_RANGE_LOOP_ANALYSIS = YES;
				CLANG_WARN_STRICT_PROTOTYPES = YES;
				CLANG_WARN_SUSPICIOUS_MOVE = YES;
				CLANG_WARN_UNGUARDED_AVAILABILITY = YES_AGGRESSIVE;
				CLANG_WARN_UNREACHABLE_CODE = YES;
				CLANG_WARN__DUPLICATE_METHOD_MATCH = YES;
				CODE_SIGN_IDENTITY = "iPhone Developer";
				COPY_PHASE_STRIP = NO;
				DEBUG_INFORMATION_FORMAT = dwarf;
				DEFINES_MODULE = NO;
				ENABLE_STRICT_OBJC_MSGSEND = YES;
				ENABLE_TESTABILITY = YES;
				GCC_C_LANGUAGE_STANDARD = gnu11;
				GCC_DYNAMIC_NO_PIC = NO;
				GCC_NO_COMMON_BLOCKS = YES;
				GCC_OPTIMIZATION_LEVEL = 0;
				GCC_PREPROCESSOR_DEFINITIONS = (
					"DEBUG=1",
					"$(inherited)",
				);
				GCC_WARN_64_TO_32_BIT_CONVERSION = YES;
				GCC_WARN_ABOUT_RETURN_TYPE = YES_ERROR;
				GCC_WARN_UNDECLARED_SELECTOR = YES;
				GCC_WARN_UNINITIALIZED_AUTOS = YES_AGGRESSIVE;
				GCC_WARN_UNUSED_FUNCTION = YES;
				GCC_WARN_UNUSED_VARIABLE = YES;
				IPHONEOS_DEPLOYMENT_TARGET = 12.1;
				MTL_ENABLE_DEBUG_INFO = INCLUDE_SOURCE;
				MTL_FAST_MATH = YES;
				ONLY_ACTIVE_ARCH = YES;
				SDKROOT = iphoneos;
				SWIFT_ACTIVE_COMPILATION_CONDITIONS = DEBUG;
				SWIFT_OPTIMIZATION_LEVEL = "-Onone";
			};
			name = Debug;
		};
		B259557C21C63815007E0108 /* Release */ = {
			isa = XCBuildConfiguration;
			buildSettings = {
				ALWAYS_SEARCH_USER_PATHS = NO;
				CLANG_ANALYZER_NONNULL = YES;
				CLANG_ANALYZER_NUMBER_OBJECT_CONVERSION = YES_AGGRESSIVE;
				CLANG_CXX_LANGUAGE_STANDARD = "gnu++14";
				CLANG_CXX_LIBRARY = "libc++";
				CLANG_ENABLE_MODULES = YES;
				CLANG_ENABLE_OBJC_ARC = YES;
				CLANG_ENABLE_OBJC_WEAK = YES;
				CLANG_WARN_BLOCK_CAPTURE_AUTORELEASING = YES;
				CLANG_WARN_BOOL_CONVERSION = YES;
				CLANG_WARN_COMMA = YES;
				CLANG_WARN_CONSTANT_CONVERSION = YES;
				CLANG_WARN_DEPRECATED_OBJC_IMPLEMENTATIONS = YES;
				CLANG_WARN_DIRECT_OBJC_ISA_USAGE = YES_ERROR;
				CLANG_WARN_DOCUMENTATION_COMMENTS = YES;
				CLANG_WARN_EMPTY_BODY = YES;
				CLANG_WARN_ENUM_CONVERSION = YES;
				CLANG_WARN_INFINITE_RECURSION = YES;
				CLANG_WARN_INT_CONVERSION = YES;
				CLANG_WARN_NON_LITERAL_NULL_CONVERSION = YES;
				CLANG_WARN_OBJC_IMPLICIT_RETAIN_SELF = YES;
				CLANG_WARN_OBJC_LITERAL_CONVERSION = YES;
				CLANG_WARN_OBJC_ROOT_CLASS = YES_ERROR;
				CLANG_WARN_RANGE_LOOP_ANALYSIS = YES;
				CLANG_WARN_STRICT_PROTOTYPES = YES;
				CLANG_WARN_SUSPICIOUS_MOVE = YES;
				CLANG_WARN_UNGUARDED_AVAILABILITY = YES_AGGRESSIVE;
				CLANG_WARN_UNREACHABLE_CODE = YES;
				CLANG_WARN__DUPLICATE_METHOD_MATCH = YES;
				CODE_SIGN_IDENTITY = "iPhone Developer";
				COPY_PHASE_STRIP = NO;
				DEBUG_INFORMATION_FORMAT = "dwarf-with-dsym";
				DEFINES_MODULE = NO;
				ENABLE_NS_ASSERTIONS = NO;
				ENABLE_STRICT_OBJC_MSGSEND = YES;
				GCC_C_LANGUAGE_STANDARD = gnu11;
				GCC_NO_COMMON_BLOCKS = YES;
				GCC_WARN_64_TO_32_BIT_CONVERSION = YES;
				GCC_WARN_ABOUT_RETURN_TYPE = YES_ERROR;
				GCC_WARN_UNDECLARED_SELECTOR = YES;
				GCC_WARN_UNINITIALIZED_AUTOS = YES_AGGRESSIVE;
				GCC_WARN_UNUSED_FUNCTION = YES;
				GCC_WARN_UNUSED_VARIABLE = YES;
				IPHONEOS_DEPLOYMENT_TARGET = 12.1;
				MTL_ENABLE_DEBUG_INFO = NO;
				MTL_FAST_MATH = YES;
				SDKROOT = iphoneos;
				SWIFT_OPTIMIZATION_LEVEL = "-Owholemodule";
				VALIDATE_PRODUCT = YES;
			};
			name = Release;
		};
		B259557E21C63815007E0108 /* Debug */ = {
			isa = XCBuildConfiguration;
			baseConfigurationReference = AEC764029484908512A4BD11 /* Pods-Practice.debug.xcconfig */;
			buildSettings = {
				ASSETCATALOG_COMPILER_APPICON_NAME = AppIcon;
				CODE_SIGN_STYLE = Automatic;
				DEVELOPMENT_TEAM = 847H8QH385;
				INFOPLIST_FILE = Practice/Application/Info.plist;
				IPHONEOS_DEPLOYMENT_TARGET = 11.0;
				LD_RUNPATH_SEARCH_PATHS = "$(inherited) @executable_path/Frameworks";
				PRODUCT_BUNDLE_IDENTIFIER = com.yuka.Practice;
				PRODUCT_NAME = "$(TARGET_NAME)";
				SWIFT_VERSION = 4.2;
				TARGETED_DEVICE_FAMILY = "1,2";
			};
			name = Debug;
		};
		B259557F21C63815007E0108 /* Release */ = {
			isa = XCBuildConfiguration;
			baseConfigurationReference = FA5F4ECFEB2E1985D3EE7AC1 /* Pods-Practice.release.xcconfig */;
			buildSettings = {
				ASSETCATALOG_COMPILER_APPICON_NAME = AppIcon;
				CODE_SIGN_STYLE = Automatic;
				DEVELOPMENT_TEAM = 847H8QH385;
				INFOPLIST_FILE = Practice/Application/Info.plist;
				IPHONEOS_DEPLOYMENT_TARGET = 11.0;
				LD_RUNPATH_SEARCH_PATHS = "$(inherited) @executable_path/Frameworks";
				PRODUCT_BUNDLE_IDENTIFIER = com.yuka.Practice;
				PRODUCT_NAME = "$(TARGET_NAME)";
				SWIFT_VERSION = 4.2;
				TARGETED_DEVICE_FAMILY = "1,2";
			};
			name = Release;
		};
		B259558121C63815007E0108 /* Debug */ = {
			isa = XCBuildConfiguration;
			baseConfigurationReference = 3438F2AD5A339A1F1347FD92 /* Pods-PracticeTests.debug.xcconfig */;
			buildSettings = {
				ALWAYS_EMBED_SWIFT_STANDARD_LIBRARIES = YES;
				BUNDLE_LOADER = "$(TEST_HOST)";
				CODE_SIGN_STYLE = Automatic;
				DEVELOPMENT_TEAM = 8J78YW46G6;
				INFOPLIST_FILE = PracticeTests/Info.plist;
				LD_RUNPATH_SEARCH_PATHS = "$(inherited) @executable_path/Frameworks @loader_path/Frameworks";
				PRODUCT_BUNDLE_IDENTIFIER = com.yuka.PracticeTests;
				PRODUCT_NAME = "$(TARGET_NAME)";
				SWIFT_VERSION = 4.2;
				TARGETED_DEVICE_FAMILY = "1,2";
				TEST_HOST = "$(BUILT_PRODUCTS_DIR)/Practice.app/Practice";
			};
			name = Debug;
		};
		B259558221C63815007E0108 /* Release */ = {
			isa = XCBuildConfiguration;
			baseConfigurationReference = 2BA2FD0B1755957A23A16A73 /* Pods-PracticeTests.release.xcconfig */;
			buildSettings = {
				ALWAYS_EMBED_SWIFT_STANDARD_LIBRARIES = YES;
				BUNDLE_LOADER = "$(TEST_HOST)";
				CODE_SIGN_STYLE = Automatic;
				DEVELOPMENT_TEAM = 8J78YW46G6;
				INFOPLIST_FILE = PracticeTests/Info.plist;
				LD_RUNPATH_SEARCH_PATHS = "$(inherited) @executable_path/Frameworks @loader_path/Frameworks";
				PRODUCT_BUNDLE_IDENTIFIER = com.yuka.PracticeTests;
				PRODUCT_NAME = "$(TARGET_NAME)";
				SWIFT_VERSION = 4.2;
				TARGETED_DEVICE_FAMILY = "1,2";
				TEST_HOST = "$(BUILT_PRODUCTS_DIR)/Practice.app/Practice";
			};
			name = Release;
		};
		B259558421C63815007E0108 /* Debug */ = {
			isa = XCBuildConfiguration;
			baseConfigurationReference = 075F35C4C847A7968949DE66 /* Pods-PracticeUITests.debug.xcconfig */;
			buildSettings = {
				ALWAYS_EMBED_SWIFT_STANDARD_LIBRARIES = YES;
				CODE_SIGN_STYLE = Automatic;
				DEVELOPMENT_TEAM = 8J78YW46G6;
				INFOPLIST_FILE = PracticeUITests/Info.plist;
				LD_RUNPATH_SEARCH_PATHS = "$(inherited) @executable_path/Frameworks @loader_path/Frameworks";
				PRODUCT_BUNDLE_IDENTIFIER = com.yuka.PracticeUITests;
				PRODUCT_NAME = "$(TARGET_NAME)";
				SWIFT_VERSION = 4.2;
				TARGETED_DEVICE_FAMILY = "1,2";
				TEST_TARGET_NAME = Practice;
			};
			name = Debug;
		};
		B259558521C63815007E0108 /* Release */ = {
			isa = XCBuildConfiguration;
			baseConfigurationReference = 9899AD9263819B4A0A971D11 /* Pods-PracticeUITests.release.xcconfig */;
			buildSettings = {
				ALWAYS_EMBED_SWIFT_STANDARD_LIBRARIES = YES;
				CODE_SIGN_STYLE = Automatic;
				DEVELOPMENT_TEAM = 8J78YW46G6;
				INFOPLIST_FILE = PracticeUITests/Info.plist;
				LD_RUNPATH_SEARCH_PATHS = "$(inherited) @executable_path/Frameworks @loader_path/Frameworks";
				PRODUCT_BUNDLE_IDENTIFIER = com.yuka.PracticeUITests;
				PRODUCT_NAME = "$(TARGET_NAME)";
				SWIFT_VERSION = 4.2;
				TARGETED_DEVICE_FAMILY = "1,2";
				TEST_TARGET_NAME = Practice;
			};
			name = Release;
		};
/* End XCBuildConfiguration section */

/* Begin XCConfigurationList section */
		B259555021C63813007E0108 /* Build configuration list for PBXProject "Practice" */ = {
			isa = XCConfigurationList;
			buildConfigurations = (
				B259557B21C63815007E0108 /* Debug */,
				B259557C21C63815007E0108 /* Release */,
			);
			defaultConfigurationIsVisible = 0;
			defaultConfigurationName = Release;
		};
		B259557D21C63815007E0108 /* Build configuration list for PBXNativeTarget "Practice" */ = {
			isa = XCConfigurationList;
			buildConfigurations = (
				B259557E21C63815007E0108 /* Debug */,
				B259557F21C63815007E0108 /* Release */,
			);
			defaultConfigurationIsVisible = 0;
			defaultConfigurationName = Release;
		};
		B259558021C63815007E0108 /* Build configuration list for PBXNativeTarget "PracticeTests" */ = {
			isa = XCConfigurationList;
			buildConfigurations = (
				B259558121C63815007E0108 /* Debug */,
				B259558221C63815007E0108 /* Release */,
			);
			defaultConfigurationIsVisible = 0;
			defaultConfigurationName = Release;
		};
		B259558321C63815007E0108 /* Build configuration list for PBXNativeTarget "PracticeUITests" */ = {
			isa = XCConfigurationList;
			buildConfigurations = (
				B259558421C63815007E0108 /* Debug */,
				B259558521C63815007E0108 /* Release */,
			);
			defaultConfigurationIsVisible = 0;
			defaultConfigurationName = Release;
		};
/* End XCConfigurationList section */
	};
	rootObject = B259554D21C63813007E0108 /* Project object */;
}
