// !$*UTF8*$!
{
	archiveVersion = 1;
	classes = {
	};
	objectVersion = 50;
	objects = {

/* Begin PBXBuildFile section */
		B259555921C63813007E0108 /* AppDelegate.swift in Sources */ = {isa = PBXBuildFile; fileRef = B259555821C63813007E0108 /* AppDelegate.swift */; };
		B259555B21C63813007E0108 /* ViewController.swift in Sources */ = {isa = PBXBuildFile; fileRef = B259555A21C63813007E0108 /* ViewController.swift */; };
		B259555E21C63813007E0108 /* Main.storyboard in Resources */ = {isa = PBXBuildFile; fileRef = B259555C21C63813007E0108 /* Main.storyboard */; };
		B259556021C63815007E0108 /* Assets.xcassets in Resources */ = {isa = PBXBuildFile; fileRef = B259555F21C63815007E0108 /* Assets.xcassets */; };
		B259556321C63815007E0108 /* LaunchScreen.storyboard in Resources */ = {isa = PBXBuildFile; fileRef = B259556121C63815007E0108 /* LaunchScreen.storyboard */; };
		B259556E21C63815007E0108 /* PracticeTests.swift in Sources */ = {isa = PBXBuildFile; fileRef = B259556D21C63815007E0108 /* PracticeTests.swift */; };
		B259557921C63815007E0108 /* PracticeUITests.swift in Sources */ = {isa = PBXBuildFile; fileRef = B259557821C63815007E0108 /* PracticeUITests.swift */; };
/* End PBXBuildFile section */

/* Begin PBXContainerItemProxy section */
		B259556A21C63815007E0108 /* PBXContainerItemProxy */ = {
			isa = PBXContainerItemProxy;
			containerPortal = B259554D21C63813007E0108 /* Project object */;
			proxyType = 1;
			remoteGlobalIDString = B259555421C63813007E0108;
			remoteInfo = Practice;
		};
		B259557521C63815007E0108 /* PBXContainerItemProxy */ = {
			isa = PBXContainerItemProxy;
			containerPortal = B259554D21C63813007E0108 /* Project object */;
			proxyType = 1;
			remoteGlobalIDString = B259555421C63813007E0108;
			remoteInfo = Practice;
		};
/* End PBXContainerItemProxy section */

/* Begin PBXFileReference section */
		B259555521C63813007E0108 /* Practice.app */ = {isa = PBXFileReference; explicitFileType = wrapper.application; includeInIndex = 0; path = Practice.app; sourceTree = BUILT_PRODUCTS_DIR; };
		B259555821C63813007E0108 /* AppDelegate.swift */ = {isa = PBXFileReference; lastKnownFileType = sourcecode.swift; path = AppDelegate.swift; sourceTree = "<group>"; };
		B259555A21C63813007E0108 /* ViewController.swift */ = {isa = PBXFileReference; lastKnownFileType = sourcecode.swift; path = ViewController.swift; sourceTree = "<group>"; };
		B259555D21C63813007E0108 /* Base */ = {isa = PBXFileReference; lastKnownFileType = file.storyboard; name = Base; path = Base.lproj/Main.storyboard; sourceTree = "<group>"; };
		B259555F21C63815007E0108 /* Assets.xcassets */ = {isa = PBXFileReference; lastKnownFileType = folder.assetcatalog; path = Assets.xcassets; sourceTree = "<group>"; };
		B259556221C63815007E0108 /* Base */ = {isa = PBXFileReference; lastKnownFileType = file.storyboard; name = Base; path = Base.lproj/LaunchScreen.storyboard; sourceTree = "<group>"; };
		B259556421C63815007E0108 /* Info.plist */ = {isa = PBXFileReference; lastKnownFileType = text.plist.xml; path = Info.plist; sourceTree = "<group>"; };
		B259556921C63815007E0108 /* PracticeTests.xctest */ = {isa = PBXFileReference; explicitFileType = wrapper.cfbundle; includeInIndex = 0; path = PracticeTests.xctest; sourceTree = BUILT_PRODUCTS_DIR; };
		B259556D21C63815007E0108 /* PracticeTests.swift */ = {isa = PBXFileReference; lastKnownFileType = sourcecode.swift; path = PracticeTests.swift; sourceTree = "<group>"; };
		B259556F21C63815007E0108 /* Info.plist */ = {isa = PBXFileReference; lastKnownFileType = text.plist.xml; path = Info.plist; sourceTree = "<group>"; };
		B259557421C63815007E0108 /* PracticeUITests.xctest */ = {isa = PBXFileReference; explicitFileType = wrapper.cfbundle; includeInIndex = 0; path = PracticeUITests.xctest; sourceTree = BUILT_PRODUCTS_DIR; };
		B259557821C63815007E0108 /* PracticeUITests.swift */ = {isa = PBXFileReference; lastKnownFileType = sourcecode.swift; path = PracticeUITests.swift; sourceTree = "<group>"; };
		B259557A21C63815007E0108 /* Info.plist */ = {isa = PBXFileReference; lastKnownFileType = text.plist.xml; path = Info.plist; sourceTree = "<group>"; };
/* End PBXFileReference section */

/* Begin PBXFrameworksBuildPhase section */
		B259555221C63813007E0108 /* Frameworks */ = {
			isa = PBXFrameworksBuildPhase;
			buildActionMask = 2147483647;
			files = (
			);
			runOnlyForDeploymentPostprocessing = 0;
		};
		B259556621C63815007E0108 /* Frameworks */ = {
			isa = PBXFrameworksBuildPhase;
			buildActionMask = 2147483647;
			files = (
			);
			runOnlyForDeploymentPostprocessing = 0;
		};
		B259557121C63815007E0108 /* Frameworks */ = {
			isa = PBXFrameworksBuildPhase;
			buildActionMask = 2147483647;
			files = (
			);
			runOnlyForDeploymentPostprocessing = 0;
		};
/* End PBXFrameworksBuildPhase section */

/* Begin PBXGroup section */
		B259554C21C63813007E0108 = {
			isa = PBXGroup;
			children = (
				B259555721C63813007E0108 /* Practice */,
				B259556C21C63815007E0108 /* PracticeTests */,
				B259557721C63815007E0108 /* PracticeUITests */,
				B259555621C63813007E0108 /* Products */,
			);
			sourceTree = "<group>";
		};
		B259555621C63813007E0108 /* Products */ = {
			isa = PBXGroup;
			children = (
				B259555521C63813007E0108 /* Practice.app */,
				B259556921C63815007E0108 /* PracticeTests.xctest */,
				B259557421C63815007E0108 /* PracticeUITests.xctest */,
			);
			name = Products;
			sourceTree = "<group>";
		};
		B259555721C63813007E0108 /* Practice */ = {
			isa = PBXGroup;
			children = (
				B259555821C63813007E0108 /* AppDelegate.swift */,
				B259555A21C63813007E0108 /* ViewController.swift */,
				B259555C21C63813007E0108 /* Main.storyboard */,
				B259555F21C63815007E0108 /* Assets.xcassets */,
				B259556121C63815007E0108 /* LaunchScreen.storyboard */,
				B259556421C63815007E0108 /* Info.plist */,
			);
			path = Practice;
			sourceTree = "<group>";
		};
		B259556C21C63815007E0108 /* PracticeTests */ = {
			isa = PBXGroup;
			children = (
				B259556D21C63815007E0108 /* PracticeTests.swift */,
				B259556F21C63815007E0108 /* Info.plist */,
			);
			path = PracticeTests;
			sourceTree = "<group>";
		};
		B259557721C63815007E0108 /* PracticeUITests */ = {
			isa = PBXGroup;
			children = (
				B259557821C63815007E0108 /* PracticeUITests.swift */,
				B259557A21C63815007E0108 /* Info.plist */,
			);
			path = PracticeUITests;
			sourceTree = "<group>";
		};
/* End PBXGroup section */

/* Begin PBXNativeTarget section */
		B259555421C63813007E0108 /* Practice */ = {
			isa = PBXNativeTarget;
			buildConfigurationList = B259557D21C63815007E0108 /* Build configuration list for PBXNativeTarget "Practice" */;
			buildPhases = (
				B259555121C63813007E0108 /* Sources */,
				B259555221C63813007E0108 /* Frameworks */,
				B259555321C63813007E0108 /* Resources */,
			);
			buildRules = (
			);
			dependencies = (
			);
			name = Practice;
			productName = Practice;
			productReference = B259555521C63813007E0108 /* Practice.app */;
			productType = "com.apple.product-type.application";
		};
		B259556821C63815007E0108 /* PracticeTests */ = {
			isa = PBXNativeTarget;
			buildConfigurationList = B259558021C63815007E0108 /* Build configuration list for PBXNativeTarget "PracticeTests" */;
			buildPhases = (
				B259556521C63815007E0108 /* Sources */,
				B259556621C63815007E0108 /* Frameworks */,
				B259556721C63815007E0108 /* Resources */,
			);
			buildRules = (
			);
			dependencies = (
				B259556B21C63815007E0108 /* PBXTargetDependency */,
			);
			name = PracticeTests;
			productName = PracticeTests;
			productReference = B259556921C63815007E0108 /* PracticeTests.xctest */;
			productType = "com.apple.product-type.bundle.unit-test";
		};
		B259557321C63815007E0108 /* PracticeUITests */ = {
			isa = PBXNativeTarget;
			buildConfigurationList = B259558321C63815007E0108 /* Build configuration list for PBXNativeTarget "PracticeUITests" */;
			buildPhases = (
				B259557021C63815007E0108 /* Sources */,
				B259557121C63815007E0108 /* Frameworks */,
				B259557221C63815007E0108 /* Resources */,
			);
			buildRules = (
			);
			dependencies = (
				B259557621C63815007E0108 /* PBXTargetDependency */,
			);
			name = PracticeUITests;
			productName = PracticeUITests;
			productReference = B259557421C63815007E0108 /* PracticeUITests.xctest */;
			productType = "com.apple.product-type.bundle.ui-testing";
		};
/* End PBXNativeTarget section */

/* Begin PBXProject section */
		B259554D21C63813007E0108 /* Project object */ = {
			isa = PBXProject;
			attributes = {
				LastSwiftUpdateCheck = 1010;
				LastUpgradeCheck = 1010;
				ORGANIZATIONNAME = "Yuka Matsuo";
				TargetAttributes = {
					B259555421C63813007E0108 = {
						CreatedOnToolsVersion = 10.1;
					};
					B259556821C63815007E0108 = {
						CreatedOnToolsVersion = 10.1;
						TestTargetID = B259555421C63813007E0108;
					};
					B259557321C63815007E0108 = {
						CreatedOnToolsVersion = 10.1;
						TestTargetID = B259555421C63813007E0108;
					};
				};
			};
			buildConfigurationList = B259555021C63813007E0108 /* Build configuration list for PBXProject "Practice" */;
			compatibilityVersion = "Xcode 9.3";
			developmentRegion = en;
			hasScannedForEncodings = 0;
			knownRegions = (
				en,
				Base,
			);
			mainGroup = B259554C21C63813007E0108;
			productRefGroup = B259555621C63813007E0108 /* Products */;
			projectDirPath = "";
			projectRoot = "";
			targets = (
				B259555421C63813007E0108 /* Practice */,
				B259556821C63815007E0108 /* PracticeTests */,
				B259557321C63815007E0108 /* PracticeUITests */,
			);
		};
/* End PBXProject section */

/* Begin PBXResourcesBuildPhase section */
		B259555321C63813007E0108 /* Resources */ = {
			isa = PBXResourcesBuildPhase;
			buildActionMask = 2147483647;
			files = (
				B259556321C63815007E0108 /* LaunchScreen.storyboard in Resources */,
				B259556021C63815007E0108 /* Assets.xcassets in Resources */,
				B259555E21C63813007E0108 /* Main.storyboard in Resources */,
			);
			runOnlyForDeploymentPostprocessing = 0;
		};
		B259556721C63815007E0108 /* Resources */ = {
			isa = PBXResourcesBuildPhase;
			buildActionMask = 2147483647;
			files = (
			);
			runOnlyForDeploymentPostprocessing = 0;
		};
		B259557221C63815007E0108 /* Resources */ = {
			isa = PBXResourcesBuildPhase;
			buildActionMask = 2147483647;
			files = (
			);
			runOnlyForDeploymentPostprocessing = 0;
		};
/* End PBXResourcesBuildPhase section */

/* Begin PBXSourcesBuildPhase section */
		B259555121C63813007E0108 /* Sources */ = {
			isa = PBXSourcesBuildPhase;
			buildActionMask = 2147483647;
			files = (
				B259555B21C63813007E0108 /* ViewController.swift in Sources */,
				B259555921C63813007E0108 /* AppDelegate.swift in Sources */,
			);
			runOnlyForDeploymentPostprocessing = 0;
		};
		B259556521C63815007E0108 /* Sources */ = {
			isa = PBXSourcesBuildPhase;
			buildActionMask = 2147483647;
			files = (
				B259556E21C63815007E0108 /* PracticeTests.swift in Sources */,
			);
			runOnlyForDeploymentPostprocessing = 0;
		};
		B259557021C63815007E0108 /* Sources */ = {
			isa = PBXSourcesBuildPhase;
			buildActionMask = 2147483647;
			files = (
				B259557921C63815007E0108 /* PracticeUITests.swift in Sources */,
			);
			runOnlyForDeploymentPostprocessing = 0;
		};
/* End PBXSourcesBuildPhase section */

/* Begin PBXTargetDependency section */
		B259556B21C63815007E0108 /* PBXTargetDependency */ = {
			isa = PBXTargetDependency;
			target = B259555421C63813007E0108 /* Practice */;
			targetProxy = B259556A21C63815007E0108 /* PBXContainerItemProxy */;
		};
		B259557621C63815007E0108 /* PBXTargetDependency */ = {
			isa = PBXTargetDependency;
			target = B259555421C63813007E0108 /* Practice */;
			targetProxy = B259557521C63815007E0108 /* PBXContainerItemProxy */;
		};
/* End PBXTargetDependency section */

/* Begin PBXVariantGroup section */
		B259555C21C63813007E0108 /* Main.storyboard */ = {
			isa = PBXVariantGroup;
			children = (
				B259555D21C63813007E0108 /* Base */,
			);
			name = Main.storyboard;
			sourceTree = "<group>";
		};
		B259556121C63815007E0108 /* LaunchScreen.storyboard */ = {
			isa = PBXVariantGroup;
			children = (
				B259556221C63815007E0108 /* Base */,
			);
			name = LaunchScreen.storyboard;
			sourceTree = "<group>";
		};
/* End PBXVariantGroup section */

/* Begin XCBuildConfiguration section */
		B259557B21C63815007E0108 /* Debug */ = {
			isa = XCBuildConfiguration;
			buildSettings = {
				ALWAYS_SEARCH_USER_PATHS = NO;
				CLANG_ANALYZER_NONNULL = YES;
				CLANG_ANALYZER_NUMBER_OBJECT_CONVERSION = YES_AGGRESSIVE;
				CLANG_CXX_LANGUAGE_STANDARD = "gnu++14";
				CLANG_CXX_LIBRARY = "libc++";
				CLANG_ENABLE_MODULES = YES;
				CLANG_ENABLE_OBJC_ARC = YES;
				CLANG_ENABLE_OBJC_WEAK = YES;
				CLANG_WARN_BLOCK_CAPTURE_AUTORELEASING = YES;
				CLANG_WARN_BOOL_CONVERSION = YES;
				CLANG_WARN_COMMA = YES;
				CLANG_WARN_CONSTANT_CONVERSION = YES;
				CLANG_WARN_DEPRECATED_OBJC_IMPLEMENTATIONS = YES;
				CLANG_WARN_DIRECT_OBJC_ISA_USAGE = YES_ERROR;
				CLANG_WARN_DOCUMENTATION_COMMENTS = YES;
				CLANG_WARN_EMPTY_BODY = YES;
				CLANG_WARN_ENUM_CONVERSION = YES;
				CLANG_WARN_INFINITE_RECURSION = YES;
				CLANG_WARN_INT_CONVERSION = YES;
				CLANG_WARN_NON_LITERAL_NULL_CONVERSION = YES;
				CLANG_WARN_OBJC_IMPLICIT_RETAIN_SELF = YES;
				CLANG_WARN_OBJC_LITERAL_CONVERSION = YES;
				CLANG_WARN_OBJC_ROOT_CLASS = YES_ERROR;
				CLANG_WARN_RANGE_LOOP_ANALYSIS = YES;
				CLANG_WARN_STRICT_PROTOTYPES = YES;
				CLANG_WARN_SUSPICIOUS_MOVE = YES;
				CLANG_WARN_UNGUARDED_AVAILABILITY = YES_AGGRESSIVE;
				CLANG_WARN_UNREACHABLE_CODE = YES;
				CLANG_WARN__DUPLICATE_METHOD_MATCH = YES;
				CODE_SIGN_IDENTITY = "iPhone Developer";
				COPY_PHASE_STRIP = NO;
				DEBUG_INFORMATION_FORMAT = dwarf;
				ENABLE_STRICT_OBJC_MSGSEND = YES;
				ENABLE_TESTABILITY = YES;
				GCC_C_LANGUAGE_STANDARD = gnu11;
				GCC_DYNAMIC_NO_PIC = NO;
				GCC_NO_COMMON_BLOCKS = YES;
				GCC_OPTIMIZATION_LEVEL = 0;
				GCC_PREPROCESSOR_DEFINITIONS = (
					"DEBUG=1",
					"$(inherited)",
				);
				GCC_WARN_64_TO_32_BIT_CONVERSION = YES;
				GCC_WARN_ABOUT_RETURN_TYPE = YES_ERROR;
				GCC_WARN_UNDECLARED_SELECTOR = YES;
				GCC_WARN_UNINITIALIZED_AUTOS = YES_AGGRESSIVE;
				GCC_WARN_UNUSED_FUNCTION = YES;
				GCC_WARN_UNUSED_VARIABLE = YES;
				IPHONEOS_DEPLOYMENT_TARGET = 12.1;
				MTL_ENABLE_DEBUG_INFO = INCLUDE_SOURCE;
				MTL_FAST_MATH = YES;
				ONLY_ACTIVE_ARCH = YES;
				SDKROOT = iphoneos;
				SWIFT_ACTIVE_COMPILATION_CONDITIONS = DEBUG;
				SWIFT_OPTIMIZATION_LEVEL = "-Onone";
			};
			name = Debug;
		};
		B259557C21C63815007E0108 /* Release */ = {
			isa = XCBuildConfiguration;
			buildSettings = {
				ALWAYS_SEARCH_USER_PATHS = NO;
				CLANG_ANALYZER_NONNULL = YES;
				CLANG_ANALYZER_NUMBER_OBJECT_CONVERSION = YES_AGGRESSIVE;
				CLANG_CXX_LANGUAGE_STANDARD = "gnu++14";
				CLANG_CXX_LIBRARY = "libc++";
				CLANG_ENABLE_MODULES = YES;
				CLANG_ENABLE_OBJC_ARC = YES;
				CLANG_ENABLE_OBJC_WEAK = YES;
				CLANG_WARN_BLOCK_CAPTURE_AUTORELEASING = YES;
				CLANG_WARN_BOOL_CONVERSION = YES;
				CLANG_WARN_COMMA = YES;
				CLANG_WARN_CONSTANT_CONVERSION = YES;
				CLANG_WARN_DEPRECATED_OBJC_IMPLEMENTATIONS = YES;
				CLANG_WARN_DIRECT_OBJC_ISA_USAGE = YES_ERROR;
				CLANG_WARN_DOCUMENTATION_COMMENTS = YES;
				CLANG_WARN_EMPTY_BODY = YES;
				CLANG_WARN_ENUM_CONVERSION = YES;
				CLANG_WARN_INFINITE_RECURSION = YES;
				CLANG_WARN_INT_CONVERSION = YES;
				CLANG_WARN_NON_LITERAL_NULL_CONVERSION = YES;
				CLANG_WARN_OBJC_IMPLICIT_RETAIN_SELF = YES;
				CLANG_WARN_OBJC_LITERAL_CONVERSION = YES;
				CLANG_WARN_OBJC_ROOT_CLASS = YES_ERROR;
				CLANG_WARN_RANGE_LOOP_ANALYSIS = YES;
				CLANG_WARN_STRICT_PROTOTYPES = YES;
				CLANG_WARN_SUSPICIOUS_MOVE = YES;
				CLANG_WARN_UNGUARDED_AVAILABILITY = YES_AGGRESSIVE;
				CLANG_WARN_UNREACHABLE_CODE = YES;
				CLANG_WARN__DUPLICATE_METHOD_MATCH = YES;
				CODE_SIGN_IDENTITY = "iPhone Developer";
				COPY_PHASE_STRIP = NO;
				DEBUG_INFORMATION_FORMAT = "dwarf-with-dsym";
				ENABLE_NS_ASSERTIONS = NO;
				ENABLE_STRICT_OBJC_MSGSEND = YES;
				GCC_C_LANGUAGE_STANDARD = gnu11;
				GCC_NO_COMMON_BLOCKS = YES;
				GCC_WARN_64_TO_32_BIT_CONVERSION = YES;
				GCC_WARN_ABOUT_RETURN_TYPE = YES_ERROR;
				GCC_WARN_UNDECLARED_SELECTOR = YES;
				GCC_WARN_UNINITIALIZED_AUTOS = YES_AGGRESSIVE;
				GCC_WARN_UNUSED_FUNCTION = YES;
				GCC_WARN_UNUSED_VARIABLE = YES;
				IPHONEOS_DEPLOYMENT_TARGET = 12.1;
				MTL_ENABLE_DEBUG_INFO = NO;
				MTL_FAST_MATH = YES;
				SDKROOT = iphoneos;
				SWIFT_COMPILATION_MODE = wholemodule;
				SWIFT_OPTIMIZATION_LEVEL = "-O";
				VALIDATE_PRODUCT = YES;
			};
			name = Release;
		};
		B259557E21C63815007E0108 /* Debug */ = {
			isa = XCBuildConfiguration;
			buildSettings = {
				ASSETCATALOG_COMPILER_APPICON_NAME = AppIcon;
				CODE_SIGN_STYLE = Automatic;
				DEVELOPMENT_TEAM = 8J78YW46G6;
				INFOPLIST_FILE = Practice/Info.plist;
				LD_RUNPATH_SEARCH_PATHS = (
					"$(inherited)",
					"@executable_path/Frameworks",
				);
				PRODUCT_BUNDLE_IDENTIFIER = com.yuka.Practice;
				PRODUCT_NAME = "$(TARGET_NAME)";
				SWIFT_VERSION = 4.2;
				TARGETED_DEVICE_FAMILY = "1,2";
			};
			name = Debug;
		};
		B259557F21C63815007E0108 /* Release */ = {
			isa = XCBuildConfiguration;
			buildSettings = {
				ASSETCATALOG_COMPILER_APPICON_NAME = AppIcon;
				CODE_SIGN_STYLE = Automatic;
				DEVELOPMENT_TEAM = 8J78YW46G6;
				INFOPLIST_FILE = Practice/Info.plist;
				LD_RUNPATH_SEARCH_PATHS = (
					"$(inherited)",
					"@executable_path/Frameworks",
				);
				PRODUCT_BUNDLE_IDENTIFIER = com.yuka.Practice;
				PRODUCT_NAME = "$(TARGET_NAME)";
				SWIFT_VERSION = 4.2;
				TARGETED_DEVICE_FAMILY = "1,2";
			};
			name = Release;
		};
		B259558121C63815007E0108 /* Debug */ = {
			isa = XCBuildConfiguration;
			buildSettings = {
				ALWAYS_EMBED_SWIFT_STANDARD_LIBRARIES = YES;
				BUNDLE_LOADER = "$(TEST_HOST)";
				CODE_SIGN_STYLE = Automatic;
				DEVELOPMENT_TEAM = 8J78YW46G6;
				INFOPLIST_FILE = PracticeTests/Info.plist;
				LD_RUNPATH_SEARCH_PATHS = (
					"$(inherited)",
					"@executable_path/Frameworks",
					"@loader_path/Frameworks",
				);
				PRODUCT_BUNDLE_IDENTIFIER = com.yuka.PracticeTests;
				PRODUCT_NAME = "$(TARGET_NAME)";
				SWIFT_VERSION = 4.2;
				TARGETED_DEVICE_FAMILY = "1,2";
				TEST_HOST = "$(BUILT_PRODUCTS_DIR)/Practice.app/Practice";
			};
			name = Debug;
		};
		B259558221C63815007E0108 /* Release */ = {
			isa = XCBuildConfiguration;
			buildSettings = {
				ALWAYS_EMBED_SWIFT_STANDARD_LIBRARIES = YES;
				BUNDLE_LOADER = "$(TEST_HOST)";
				CODE_SIGN_STYLE = Automatic;
				DEVELOPMENT_TEAM = 8J78YW46G6;
				INFOPLIST_FILE = PracticeTests/Info.plist;
				LD_RUNPATH_SEARCH_PATHS = (
					"$(inherited)",
					"@executable_path/Frameworks",
					"@loader_path/Frameworks",
				);
				PRODUCT_BUNDLE_IDENTIFIER = com.yuka.PracticeTests;
				PRODUCT_NAME = "$(TARGET_NAME)";
				SWIFT_VERSION = 4.2;
				TARGETED_DEVICE_FAMILY = "1,2";
				TEST_HOST = "$(BUILT_PRODUCTS_DIR)/Practice.app/Practice";
			};
			name = Release;
		};
		B259558421C63815007E0108 /* Debug */ = {
			isa = XCBuildConfiguration;
			buildSettings = {
				ALWAYS_EMBED_SWIFT_STANDARD_LIBRARIES = YES;
				CODE_SIGN_STYLE = Automatic;
				DEVELOPMENT_TEAM = 8J78YW46G6;
				INFOPLIST_FILE = PracticeUITests/Info.plist;
				LD_RUNPATH_SEARCH_PATHS = (
					"$(inherited)",
					"@executable_path/Frameworks",
					"@loader_path/Frameworks",
				);
				PRODUCT_BUNDLE_IDENTIFIER = com.yuka.PracticeUITests;
				PRODUCT_NAME = "$(TARGET_NAME)";
				SWIFT_VERSION = 4.2;
				TARGETED_DEVICE_FAMILY = "1,2";
				TEST_TARGET_NAME = Practice;
			};
			name = Debug;
		};
		B259558521C63815007E0108 /* Release */ = {
			isa = XCBuildConfiguration;
			buildSettings = {
				ALWAYS_EMBED_SWIFT_STANDARD_LIBRARIES = YES;
				CODE_SIGN_STYLE = Automatic;
				DEVELOPMENT_TEAM = 8J78YW46G6;
				INFOPLIST_FILE = PracticeUITests/Info.plist;
				LD_RUNPATH_SEARCH_PATHS = (
					"$(inherited)",
					"@executable_path/Frameworks",
					"@loader_path/Frameworks",
				);
				PRODUCT_BUNDLE_IDENTIFIER = com.yuka.PracticeUITests;
				PRODUCT_NAME = "$(TARGET_NAME)";
				SWIFT_VERSION = 4.2;
				TARGETED_DEVICE_FAMILY = "1,2";
				TEST_TARGET_NAME = Practice;
			};
			name = Release;
		};
/* End XCBuildConfiguration section */

/* Begin XCConfigurationList section */
		B259555021C63813007E0108 /* Build configuration list for PBXProject "Practice" */ = {
			isa = XCConfigurationList;
			buildConfigurations = (
				B259557B21C63815007E0108 /* Debug */,
				B259557C21C63815007E0108 /* Release */,
			);
			defaultConfigurationIsVisible = 0;
			defaultConfigurationName = Release;
		};
		B259557D21C63815007E0108 /* Build configuration list for PBXNativeTarget "Practice" */ = {
			isa = XCConfigurationList;
			buildConfigurations = (
				B259557E21C63815007E0108 /* Debug */,
				B259557F21C63815007E0108 /* Release */,
			);
			defaultConfigurationIsVisible = 0;
			defaultConfigurationName = Release;
		};
		B259558021C63815007E0108 /* Build configuration list for PBXNativeTarget "PracticeTests" */ = {
			isa = XCConfigurationList;
			buildConfigurations = (
				B259558121C63815007E0108 /* Debug */,
				B259558221C63815007E0108 /* Release */,
			);
			defaultConfigurationIsVisible = 0;
			defaultConfigurationName = Release;
		};
		B259558321C63815007E0108 /* Build configuration list for PBXNativeTarget "PracticeUITests" */ = {
			isa = XCConfigurationList;
			buildConfigurations = (
				B259558421C63815007E0108 /* Debug */,
				B259558521C63815007E0108 /* Release */,
			);
			defaultConfigurationIsVisible = 0;
			defaultConfigurationName = Release;
		};
/* End XCConfigurationList section */
	};
	rootObject = B259554D21C63813007E0108 /* Project object */;
}
